// !$*UTF8*$!
{
	archiveVersion = 1;
	classes = {
	};
	objectVersion = 46;
	objects = {

/* Begin PBXBuildFile section */
		840FD4061CD4FEE700C50D3E /* main.m in Sources */ = {isa = PBXBuildFile; fileRef = 840FD4051CD4FEE700C50D3E /* main.m */; };
		840FD4091CD4FEE700C50D3E /* AppDelegate.m in Sources */ = {isa = PBXBuildFile; fileRef = 840FD4081CD4FEE700C50D3E /* AppDelegate.m */; };
		840FD4111CD4FEE700C50D3E /* Assets.xcassets in Resources */ = {isa = PBXBuildFile; fileRef = 840FD4101CD4FEE700C50D3E /* Assets.xcassets */; };
		840FD41F1CD4FEE700C50D3E /* WhereIsTests.m in Sources */ = {isa = PBXBuildFile; fileRef = 840FD41E1CD4FEE700C50D3E /* WhereIsTests.m */; };
		840FD42A1CD4FEE700C50D3E /* WhereIsUITests.m in Sources */ = {isa = PBXBuildFile; fileRef = 840FD4291CD4FEE700C50D3E /* WhereIsUITests.m */; };
		840FD44B1CD518BD00C50D3E /* BaseInfo.m in Sources */ = {isa = PBXBuildFile; fileRef = 840FD44A1CD518BD00C50D3E /* BaseInfo.m */; };
		840FD44F1CD51B9900C50D3E /* BaseController.m in Sources */ = {isa = PBXBuildFile; fileRef = 840FD44E1CD51B9900C50D3E /* BaseController.m */; };
		840FD4521CD51BB200C50D3E /* BasePage.m in Sources */ = {isa = PBXBuildFile; fileRef = 840FD4511CD51BB200C50D3E /* BasePage.m */; };
		840FD4551CD51BC800C50D3E /* BaseWidget.m in Sources */ = {isa = PBXBuildFile; fileRef = 840FD4541CD51BC800C50D3E /* BaseWidget.m */; };
		840FD4581CD51BE400C50D3E /* BaseCell.m in Sources */ = {isa = PBXBuildFile; fileRef = 840FD4571CD51BE400C50D3E /* BaseCell.m */; };
		840FD45B1CD51C1200C50D3E /* BaseOperation.m in Sources */ = {isa = PBXBuildFile; fileRef = 840FD45A1CD51C1200C50D3E /* BaseOperation.m */; };
		840FD45E1CD51C8E00C50D3E /* AdvertPage.m in Sources */ = {isa = PBXBuildFile; fileRef = 840FD45D1CD51C8E00C50D3E /* AdvertPage.m */; };
		840FD4601CD51CB100C50D3E /* AdvertPage.xib in Resources */ = {isa = PBXBuildFile; fileRef = 840FD45F1CD51CB100C50D3E /* AdvertPage.xib */; };
		840FD46F1CD51DBB00C50D3E /* FxActivity.m in Sources */ = {isa = PBXBuildFile; fileRef = 840FD4621CD51DBB00C50D3E /* FxActivity.m */; };
		840FD4701CD51DBB00C50D3E /* FxActivityIndicator.m in Sources */ = {isa = PBXBuildFile; fileRef = 840FD4641CD51DBB00C50D3E /* FxActivityIndicator.m */; settings = {COMPILER_FLAGS = "-fno-objc-arc"; }; };
		840FD4711CD51DBB00C50D3E /* FxAppSetting.m in Sources */ = {isa = PBXBuildFile; fileRef = 840FD4661CD51DBB00C50D3E /* FxAppSetting.m */; };
		840FD4721CD51DBB00C50D3E /* FxButtonHelper.m in Sources */ = {isa = PBXBuildFile; fileRef = 840FD4681CD51DBB00C50D3E /* FxButtonHelper.m */; };
		840FD4731CD51DBB00C50D3E /* FxDate.m in Sources */ = {isa = PBXBuildFile; fileRef = 840FD46A1CD51DBB00C50D3E /* FxDate.m */; };
		840FD4741CD51DBB00C50D3E /* FxFileUtility.m in Sources */ = {isa = PBXBuildFile; fileRef = 840FD46C1CD51DBB00C50D3E /* FxFileUtility.m */; };
		840FD4751CD51DBB00C50D3E /* FxString.m in Sources */ = {isa = PBXBuildFile; fileRef = 840FD46E1CD51DBB00C50D3E /* FxString.m */; settings = {COMPILER_FLAGS = "-fno-objc-arc"; }; };
		840FD4811CD51E0200C50D3E /* FxJSON.m in Sources */ = {isa = PBXBuildFile; fileRef = 840FD4781CD51E0200C50D3E /* FxJSON.m */; settings = {COMPILER_FLAGS = "-fno-objc-arc"; }; };
		840FD4821CD51E0200C50D3E /* FxJsonBase.m in Sources */ = {isa = PBXBuildFile; fileRef = 840FD47A1CD51E0200C50D3E /* FxJsonBase.m */; settings = {COMPILER_FLAGS = "-fno-objc-arc"; }; };
		840FD4831CD51E0200C50D3E /* FxJsonParser.m in Sources */ = {isa = PBXBuildFile; fileRef = 840FD47C1CD51E0200C50D3E /* FxJsonParser.m */; settings = {COMPILER_FLAGS = "-fno-objc-arc"; }; };
		840FD4841CD51E0200C50D3E /* FxJsonUtility.m in Sources */ = {isa = PBXBuildFile; fileRef = 840FD47E1CD51E0200C50D3E /* FxJsonUtility.m */; settings = {COMPILER_FLAGS = "-fno-objc-arc"; }; };
		840FD4851CD51E0200C50D3E /* FxJsonWriter.m in Sources */ = {isa = PBXBuildFile; fileRef = 840FD4801CD51E0200C50D3E /* FxJsonWriter.m */; settings = {COMPILER_FLAGS = "-fno-objc-arc"; }; };
		840FD4871CD52FE600C50D3E /* Podfile in Resources */ = {isa = PBXBuildFile; fileRef = 840FD4861CD52FE600C50D3E /* Podfile */; };
		840FD4891CD53C8700C50D3E /* CoreLocation.framework in Frameworks */ = {isa = PBXBuildFile; fileRef = 840FD4881CD53C8700C50D3E /* CoreLocation.framework */; };
		840FD48B1CD53CE000C50D3E /* CoreMotion.framework in Frameworks */ = {isa = PBXBuildFile; fileRef = 840FD48A1CD53CE000C50D3E /* CoreMotion.framework */; };
		840FD48F1CD54B6A00C50D3E /* Global.m in Sources */ = {isa = PBXBuildFile; fileRef = 840FD48E1CD54B6A00C50D3E /* Global.m */; };
		840FD4921CD54C1D00C50D3E /* GetImage.m in Sources */ = {isa = PBXBuildFile; fileRef = 840FD4911CD54C1D00C50D3E /* GetImage.m */; };
		840FD4951CD54E8E00C50D3E /* BaseNavPage.m in Sources */ = {isa = PBXBuildFile; fileRef = 840FD4941CD54E8E00C50D3E /* BaseNavPage.m */; };
		840FD4981CD54EA700C50D3E /* CameraPage.m in Sources */ = {isa = PBXBuildFile; fileRef = 840FD4971CD54EA700C50D3E /* CameraPage.m */; };
		840FD49A1CD54F0B00C50D3E /* CameraPage.xib in Resources */ = {isa = PBXBuildFile; fileRef = 840FD4991CD54F0B00C50D3E /* CameraPage.xib */; };
		840FD4A01CD5558100C50D3E /* CameraBackgroundWidget.m in Sources */ = {isa = PBXBuildFile; fileRef = 840FD49F1CD5558100C50D3E /* CameraBackgroundWidget.m */; };
		84E44B361CD614ED00BC6DE4 /* MapPage.m in Sources */ = {isa = PBXBuildFile; fileRef = 84E44B351CD614ED00BC6DE4 /* MapPage.m */; };
		84E44B391CD6587D00BC6DE4 /* MapWidget.m in Sources */ = {isa = PBXBuildFile; fileRef = 84E44B381CD6587D00BC6DE4 /* MapWidget.m */; };
		84E44B3C1CD658A200BC6DE4 /* SearchWidget.m in Sources */ = {isa = PBXBuildFile; fileRef = 84E44B3B1CD658A200BC6DE4 /* SearchWidget.m */; };
		84E44B3F1CD65DE300BC6DE4 /* WeatherWidget.m in Sources */ = {isa = PBXBuildFile; fileRef = 84E44B3E1CD65DE300BC6DE4 /* WeatherWidget.m */; };
		84E44B411CD6623700BC6DE4 /* MapPage.xib in Resources */ = {isa = PBXBuildFile; fileRef = 84E44B401CD6623700BC6DE4 /* MapPage.xib */; };
		84E44B431CD676B900BC6DE4 /* MapWidget.xib in Resources */ = {isa = PBXBuildFile; fileRef = 84E44B421CD676B900BC6DE4 /* MapWidget.xib */; };
		84E44B4A1CD678EF00BC6DE4 /* location_no@2x.png in Resources */ = {isa = PBXBuildFile; fileRef = 84E44B451CD678EF00BC6DE4 /* location_no@2x.png */; };
		84E44B4B1CD678EF00BC6DE4 /* location_yes@2x.png in Resources */ = {isa = PBXBuildFile; fileRef = 84E44B461CD678EF00BC6DE4 /* location_yes@2x.png */; };
		84E44B4C1CD678EF00BC6DE4 /* path@2x.png in Resources */ = {isa = PBXBuildFile; fileRef = 84E44B471CD678EF00BC6DE4 /* path@2x.png */; };
		84E44B4D1CD678EF00BC6DE4 /* restaurant.png in Resources */ = {isa = PBXBuildFile; fileRef = 84E44B481CD678EF00BC6DE4 /* restaurant.png */; };
		84E44B4E1CD678EF00BC6DE4 /* search@2x.png in Resources */ = {isa = PBXBuildFile; fileRef = 84E44B491CD678EF00BC6DE4 /* search@2x.png */; };
		8E95EBA82687DB39F7247AD4 /* libPods.a in Frameworks */ = {isa = PBXBuildFile; fileRef = 8B6D84F3F22F594C95B8D5EA /* libPods.a */; };
/* End PBXBuildFile section */

/* Begin PBXContainerItemProxy section */
		840FD41B1CD4FEE700C50D3E /* PBXContainerItemProxy */ = {
			isa = PBXContainerItemProxy;
			containerPortal = 840FD3F91CD4FEE700C50D3E /* Project object */;
			proxyType = 1;
			remoteGlobalIDString = 840FD4001CD4FEE700C50D3E;
			remoteInfo = WhereIs;
		};
		840FD4261CD4FEE700C50D3E /* PBXContainerItemProxy */ = {
			isa = PBXContainerItemProxy;
			containerPortal = 840FD3F91CD4FEE700C50D3E /* Project object */;
			proxyType = 1;
			remoteGlobalIDString = 840FD4001CD4FEE700C50D3E;
			remoteInfo = WhereIs;
		};
/* End PBXContainerItemProxy section */

/* Begin PBXFileReference section */
		39DAF4C7688AB6EF1BA3D1C2 /* Pods.debug.xcconfig */ = {isa = PBXFileReference; includeInIndex = 1; lastKnownFileType = text.xcconfig; name = Pods.debug.xcconfig; path = "Pods/Target Support Files/Pods/Pods.debug.xcconfig"; sourceTree = "<group>"; };
		840FD4011CD4FEE700C50D3E /* WhereIs.app */ = {isa = PBXFileReference; explicitFileType = wrapper.application; includeInIndex = 0; path = WhereIs.app; sourceTree = BUILT_PRODUCTS_DIR; };
		840FD4051CD4FEE700C50D3E /* main.m */ = {isa = PBXFileReference; lastKnownFileType = sourcecode.c.objc; path = main.m; sourceTree = "<group>"; };
		840FD4071CD4FEE700C50D3E /* AppDelegate.h */ = {isa = PBXFileReference; lastKnownFileType = sourcecode.c.h; path = AppDelegate.h; sourceTree = "<group>"; };
		840FD4081CD4FEE700C50D3E /* AppDelegate.m */ = {isa = PBXFileReference; lastKnownFileType = sourcecode.c.objc; path = AppDelegate.m; sourceTree = "<group>"; };
		840FD4101CD4FEE700C50D3E /* Assets.xcassets */ = {isa = PBXFileReference; lastKnownFileType = folder.assetcatalog; path = Assets.xcassets; sourceTree = "<group>"; };
		840FD4151CD4FEE700C50D3E /* Info.plist */ = {isa = PBXFileReference; lastKnownFileType = text.plist.xml; path = Info.plist; sourceTree = "<group>"; };
		840FD41A1CD4FEE700C50D3E /* WhereIsTests.xctest */ = {isa = PBXFileReference; explicitFileType = wrapper.cfbundle; includeInIndex = 0; path = WhereIsTests.xctest; sourceTree = BUILT_PRODUCTS_DIR; };
		840FD41E1CD4FEE700C50D3E /* WhereIsTests.m */ = {isa = PBXFileReference; lastKnownFileType = sourcecode.c.objc; path = WhereIsTests.m; sourceTree = "<group>"; };
		840FD4201CD4FEE700C50D3E /* Info.plist */ = {isa = PBXFileReference; lastKnownFileType = text.plist.xml; path = Info.plist; sourceTree = "<group>"; };
		840FD4251CD4FEE700C50D3E /* WhereIsUITests.xctest */ = {isa = PBXFileReference; explicitFileType = wrapper.cfbundle; includeInIndex = 0; path = WhereIsUITests.xctest; sourceTree = BUILT_PRODUCTS_DIR; };
		840FD4291CD4FEE700C50D3E /* WhereIsUITests.m */ = {isa = PBXFileReference; lastKnownFileType = sourcecode.c.objc; path = WhereIsUITests.m; sourceTree = "<group>"; };
		840FD42B1CD4FEE700C50D3E /* Info.plist */ = {isa = PBXFileReference; lastKnownFileType = text.plist.xml; path = Info.plist; sourceTree = "<group>"; };
		840FD4481CD5162000C50D3E /* PrefixHeader.pch */ = {isa = PBXFileReference; fileEncoding = 4; lastKnownFileType = sourcecode.c.h; path = PrefixHeader.pch; sourceTree = "<group>"; };
		840FD4491CD518BD00C50D3E /* BaseInfo.h */ = {isa = PBXFileReference; fileEncoding = 4; lastKnownFileType = sourcecode.c.h; path = BaseInfo.h; sourceTree = "<group>"; };
		840FD44A1CD518BD00C50D3E /* BaseInfo.m */ = {isa = PBXFileReference; fileEncoding = 4; lastKnownFileType = sourcecode.c.objc; path = BaseInfo.m; sourceTree = "<group>"; };
		840FD44C1CD519D300C50D3E /* Defines.h */ = {isa = PBXFileReference; lastKnownFileType = sourcecode.c.h; path = Defines.h; sourceTree = "<group>"; };
		840FD44D1CD51B9900C50D3E /* BaseController.h */ = {isa = PBXFileReference; fileEncoding = 4; lastKnownFileType = sourcecode.c.h; path = BaseController.h; sourceTree = "<group>"; };
		840FD44E1CD51B9900C50D3E /* BaseController.m */ = {isa = PBXFileReference; fileEncoding = 4; lastKnownFileType = sourcecode.c.objc; path = BaseController.m; sourceTree = "<group>"; };
		840FD4501CD51BB200C50D3E /* BasePage.h */ = {isa = PBXFileReference; fileEncoding = 4; lastKnownFileType = sourcecode.c.h; path = BasePage.h; sourceTree = "<group>"; };
		840FD4511CD51BB200C50D3E /* BasePage.m */ = {isa = PBXFileReference; fileEncoding = 4; lastKnownFileType = sourcecode.c.objc; path = BasePage.m; sourceTree = "<group>"; };
		840FD4531CD51BC800C50D3E /* BaseWidget.h */ = {isa = PBXFileReference; fileEncoding = 4; lastKnownFileType = sourcecode.c.h; path = BaseWidget.h; sourceTree = "<group>"; };
		840FD4541CD51BC800C50D3E /* BaseWidget.m */ = {isa = PBXFileReference; fileEncoding = 4; lastKnownFileType = sourcecode.c.objc; path = BaseWidget.m; sourceTree = "<group>"; };
		840FD4561CD51BE400C50D3E /* BaseCell.h */ = {isa = PBXFileReference; fileEncoding = 4; lastKnownFileType = sourcecode.c.h; path = BaseCell.h; sourceTree = "<group>"; };
		840FD4571CD51BE400C50D3E /* BaseCell.m */ = {isa = PBXFileReference; fileEncoding = 4; lastKnownFileType = sourcecode.c.objc; path = BaseCell.m; sourceTree = "<group>"; };
		840FD4591CD51C1200C50D3E /* BaseOperation.h */ = {isa = PBXFileReference; fileEncoding = 4; lastKnownFileType = sourcecode.c.h; path = BaseOperation.h; sourceTree = "<group>"; };
		840FD45A1CD51C1200C50D3E /* BaseOperation.m */ = {isa = PBXFileReference; fileEncoding = 4; lastKnownFileType = sourcecode.c.objc; path = BaseOperation.m; sourceTree = "<group>"; };
		840FD45C1CD51C8E00C50D3E /* AdvertPage.h */ = {isa = PBXFileReference; fileEncoding = 4; lastKnownFileType = sourcecode.c.h; path = AdvertPage.h; sourceTree = "<group>"; };
		840FD45D1CD51C8E00C50D3E /* AdvertPage.m */ = {isa = PBXFileReference; fileEncoding = 4; lastKnownFileType = sourcecode.c.objc; path = AdvertPage.m; sourceTree = "<group>"; };
		840FD45F1CD51CB100C50D3E /* AdvertPage.xib */ = {isa = PBXFileReference; fileEncoding = 4; lastKnownFileType = file.xib; path = AdvertPage.xib; sourceTree = "<group>"; };
		840FD4611CD51DBB00C50D3E /* FxActivity.h */ = {isa = PBXFileReference; fileEncoding = 4; lastKnownFileType = sourcecode.c.h; path = FxActivity.h; sourceTree = "<group>"; };
		840FD4621CD51DBB00C50D3E /* FxActivity.m */ = {isa = PBXFileReference; fileEncoding = 4; lastKnownFileType = sourcecode.c.objc; path = FxActivity.m; sourceTree = "<group>"; };
		840FD4631CD51DBB00C50D3E /* FxActivityIndicator.h */ = {isa = PBXFileReference; fileEncoding = 4; lastKnownFileType = sourcecode.c.h; path = FxActivityIndicator.h; sourceTree = "<group>"; };
		840FD4641CD51DBB00C50D3E /* FxActivityIndicator.m */ = {isa = PBXFileReference; fileEncoding = 4; lastKnownFileType = sourcecode.c.objc; path = FxActivityIndicator.m; sourceTree = "<group>"; };
		840FD4651CD51DBB00C50D3E /* FxAppSetting.h */ = {isa = PBXFileReference; fileEncoding = 4; lastKnownFileType = sourcecode.c.h; path = FxAppSetting.h; sourceTree = "<group>"; };
		840FD4661CD51DBB00C50D3E /* FxAppSetting.m */ = {isa = PBXFileReference; fileEncoding = 4; lastKnownFileType = sourcecode.c.objc; path = FxAppSetting.m; sourceTree = "<group>"; };
		840FD4671CD51DBB00C50D3E /* FxButtonHelper.h */ = {isa = PBXFileReference; fileEncoding = 4; lastKnownFileType = sourcecode.c.h; path = FxButtonHelper.h; sourceTree = "<group>"; };
		840FD4681CD51DBB00C50D3E /* FxButtonHelper.m */ = {isa = PBXFileReference; fileEncoding = 4; lastKnownFileType = sourcecode.c.objc; path = FxButtonHelper.m; sourceTree = "<group>"; };
		840FD4691CD51DBB00C50D3E /* FxDate.h */ = {isa = PBXFileReference; fileEncoding = 4; lastKnownFileType = sourcecode.c.h; path = FxDate.h; sourceTree = "<group>"; };
		840FD46A1CD51DBB00C50D3E /* FxDate.m */ = {isa = PBXFileReference; fileEncoding = 4; lastKnownFileType = sourcecode.c.objc; path = FxDate.m; sourceTree = "<group>"; };
		840FD46B1CD51DBB00C50D3E /* FxFileUtility.h */ = {isa = PBXFileReference; fileEncoding = 4; lastKnownFileType = sourcecode.c.h; path = FxFileUtility.h; sourceTree = "<group>"; };
		840FD46C1CD51DBB00C50D3E /* FxFileUtility.m */ = {isa = PBXFileReference; fileEncoding = 4; lastKnownFileType = sourcecode.c.objc; path = FxFileUtility.m; sourceTree = "<group>"; };
		840FD46D1CD51DBB00C50D3E /* FxString.h */ = {isa = PBXFileReference; fileEncoding = 4; lastKnownFileType = sourcecode.c.h; path = FxString.h; sourceTree = "<group>"; };
		840FD46E1CD51DBB00C50D3E /* FxString.m */ = {isa = PBXFileReference; fileEncoding = 4; lastKnownFileType = sourcecode.c.objc; path = FxString.m; sourceTree = "<group>"; };
		840FD4771CD51E0200C50D3E /* FxJSON.h */ = {isa = PBXFileReference; fileEncoding = 4; lastKnownFileType = sourcecode.c.h; path = FxJSON.h; sourceTree = "<group>"; };
		840FD4781CD51E0200C50D3E /* FxJSON.m */ = {isa = PBXFileReference; fileEncoding = 4; lastKnownFileType = sourcecode.c.objc; path = FxJSON.m; sourceTree = "<group>"; };
		840FD4791CD51E0200C50D3E /* FxJsonBase.h */ = {isa = PBXFileReference; fileEncoding = 4; lastKnownFileType = sourcecode.c.h; path = FxJsonBase.h; sourceTree = "<group>"; };
		840FD47A1CD51E0200C50D3E /* FxJsonBase.m */ = {isa = PBXFileReference; fileEncoding = 4; lastKnownFileType = sourcecode.c.objc; path = FxJsonBase.m; sourceTree = "<group>"; };
		840FD47B1CD51E0200C50D3E /* FxJsonParser.h */ = {isa = PBXFileReference; fileEncoding = 4; lastKnownFileType = sourcecode.c.h; path = FxJsonParser.h; sourceTree = "<group>"; };
		840FD47C1CD51E0200C50D3E /* FxJsonParser.m */ = {isa = PBXFileReference; fileEncoding = 4; lastKnownFileType = sourcecode.c.objc; path = FxJsonParser.m; sourceTree = "<group>"; };
		840FD47D1CD51E0200C50D3E /* FxJsonUtility.h */ = {isa = PBXFileReference; fileEncoding = 4; lastKnownFileType = sourcecode.c.h; path = FxJsonUtility.h; sourceTree = "<group>"; };
		840FD47E1CD51E0200C50D3E /* FxJsonUtility.m */ = {isa = PBXFileReference; fileEncoding = 4; lastKnownFileType = sourcecode.c.objc; path = FxJsonUtility.m; sourceTree = "<group>"; };
		840FD47F1CD51E0200C50D3E /* FxJsonWriter.h */ = {isa = PBXFileReference; fileEncoding = 4; lastKnownFileType = sourcecode.c.h; path = FxJsonWriter.h; sourceTree = "<group>"; };
		840FD4801CD51E0200C50D3E /* FxJsonWriter.m */ = {isa = PBXFileReference; fileEncoding = 4; lastKnownFileType = sourcecode.c.objc; path = FxJsonWriter.m; sourceTree = "<group>"; };
		840FD4861CD52FE600C50D3E /* Podfile */ = {isa = PBXFileReference; fileEncoding = 4; lastKnownFileType = text; path = Podfile; sourceTree = SOURCE_ROOT; };
		840FD4881CD53C8700C50D3E /* CoreLocation.framework */ = {isa = PBXFileReference; lastKnownFileType = wrapper.framework; name = CoreLocation.framework; path = System/Library/Frameworks/CoreLocation.framework; sourceTree = SDKROOT; };
		840FD48A1CD53CE000C50D3E /* CoreMotion.framework */ = {isa = PBXFileReference; lastKnownFileType = wrapper.framework; name = CoreMotion.framework; path = System/Library/Frameworks/CoreMotion.framework; sourceTree = SDKROOT; };
		840FD48C1CD549FC00C50D3E /* URLDefine.h */ = {isa = PBXFileReference; lastKnownFileType = sourcecode.c.h; path = URLDefine.h; sourceTree = "<group>"; };
		840FD48D1CD54B6A00C50D3E /* Global.h */ = {isa = PBXFileReference; fileEncoding = 4; lastKnownFileType = sourcecode.c.h; path = Global.h; sourceTree = "<group>"; };
		840FD48E1CD54B6A00C50D3E /* Global.m */ = {isa = PBXFileReference; fileEncoding = 4; lastKnownFileType = sourcecode.c.objc; path = Global.m; sourceTree = "<group>"; };
		840FD4901CD54C1D00C50D3E /* GetImage.h */ = {isa = PBXFileReference; fileEncoding = 4; lastKnownFileType = sourcecode.c.h; path = GetImage.h; sourceTree = "<group>"; };
		840FD4911CD54C1D00C50D3E /* GetImage.m */ = {isa = PBXFileReference; fileEncoding = 4; lastKnownFileType = sourcecode.c.objc; path = GetImage.m; sourceTree = "<group>"; };
		840FD4931CD54E8E00C50D3E /* BaseNavPage.h */ = {isa = PBXFileReference; fileEncoding = 4; lastKnownFileType = sourcecode.c.h; path = BaseNavPage.h; sourceTree = "<group>"; };
		840FD4941CD54E8E00C50D3E /* BaseNavPage.m */ = {isa = PBXFileReference; fileEncoding = 4; lastKnownFileType = sourcecode.c.objc; path = BaseNavPage.m; sourceTree = "<group>"; };
		840FD4961CD54EA700C50D3E /* CameraPage.h */ = {isa = PBXFileReference; fileEncoding = 4; lastKnownFileType = sourcecode.c.h; path = CameraPage.h; sourceTree = "<group>"; };
		840FD4971CD54EA700C50D3E /* CameraPage.m */ = {isa = PBXFileReference; fileEncoding = 4; lastKnownFileType = sourcecode.c.objc; path = CameraPage.m; sourceTree = "<group>"; };
		840FD4991CD54F0B00C50D3E /* CameraPage.xib */ = {isa = PBXFileReference; fileEncoding = 4; lastKnownFileType = file.xib; path = CameraPage.xib; sourceTree = "<group>"; };
		840FD49E1CD5558100C50D3E /* CameraBackgroundWidget.h */ = {isa = PBXFileReference; fileEncoding = 4; lastKnownFileType = sourcecode.c.h; path = CameraBackgroundWidget.h; sourceTree = "<group>"; };
		840FD49F1CD5558100C50D3E /* CameraBackgroundWidget.m */ = {isa = PBXFileReference; fileEncoding = 4; lastKnownFileType = sourcecode.c.objc; path = CameraBackgroundWidget.m; sourceTree = "<group>"; };
		84E44B341CD614ED00BC6DE4 /* MapPage.h */ = {isa = PBXFileReference; fileEncoding = 4; lastKnownFileType = sourcecode.c.h; path = MapPage.h; sourceTree = "<group>"; };
		84E44B351CD614ED00BC6DE4 /* MapPage.m */ = {isa = PBXFileReference; fileEncoding = 4; lastKnownFileType = sourcecode.c.objc; path = MapPage.m; sourceTree = "<group>"; };
		84E44B371CD6587D00BC6DE4 /* MapWidget.h */ = {isa = PBXFileReference; fileEncoding = 4; lastKnownFileType = sourcecode.c.h; path = MapWidget.h; sourceTree = "<group>"; };
		84E44B381CD6587D00BC6DE4 /* MapWidget.m */ = {isa = PBXFileReference; fileEncoding = 4; lastKnownFileType = sourcecode.c.objc; path = MapWidget.m; sourceTree = "<group>"; };
		84E44B3A1CD658A200BC6DE4 /* SearchWidget.h */ = {isa = PBXFileReference; fileEncoding = 4; lastKnownFileType = sourcecode.c.h; path = SearchWidget.h; sourceTree = "<group>"; };
		84E44B3B1CD658A200BC6DE4 /* SearchWidget.m */ = {isa = PBXFileReference; fileEncoding = 4; lastKnownFileType = sourcecode.c.objc; path = SearchWidget.m; sourceTree = "<group>"; };
		84E44B3D1CD65DE300BC6DE4 /* WeatherWidget.h */ = {isa = PBXFileReference; fileEncoding = 4; lastKnownFileType = sourcecode.c.h; path = WeatherWidget.h; sourceTree = "<group>"; };
		84E44B3E1CD65DE300BC6DE4 /* WeatherWidget.m */ = {isa = PBXFileReference; fileEncoding = 4; lastKnownFileType = sourcecode.c.objc; path = WeatherWidget.m; sourceTree = "<group>"; };
		84E44B401CD6623700BC6DE4 /* MapPage.xib */ = {isa = PBXFileReference; fileEncoding = 4; lastKnownFileType = file.xib; path = MapPage.xib; sourceTree = "<group>"; };
		84E44B421CD676B900BC6DE4 /* MapWidget.xib */ = {isa = PBXFileReference; fileEncoding = 4; lastKnownFileType = file.xib; path = MapWidget.xib; sourceTree = "<group>"; };
		84E44B451CD678EF00BC6DE4 /* location_no@2x.png */ = {isa = PBXFileReference; lastKnownFileType = image.png; path = "location_no@2x.png"; sourceTree = "<group>"; };
		84E44B461CD678EF00BC6DE4 /* location_yes@2x.png */ = {isa = PBXFileReference; lastKnownFileType = image.png; path = "location_yes@2x.png"; sourceTree = "<group>"; };
		84E44B471CD678EF00BC6DE4 /* path@2x.png */ = {isa = PBXFileReference; lastKnownFileType = image.png; path = "path@2x.png"; sourceTree = "<group>"; };
		84E44B481CD678EF00BC6DE4 /* restaurant.png */ = {isa = PBXFileReference; lastKnownFileType = image.png; path = restaurant.png; sourceTree = "<group>"; };
		84E44B491CD678EF00BC6DE4 /* search@2x.png */ = {isa = PBXFileReference; lastKnownFileType = image.png; path = "search@2x.png"; sourceTree = "<group>"; };
		8B6D84F3F22F594C95B8D5EA /* libPods.a */ = {isa = PBXFileReference; explicitFileType = archive.ar; includeInIndex = 0; path = libPods.a; sourceTree = BUILT_PRODUCTS_DIR; };
		D8E30D0D3415ECE08848254D /* Pods.release.xcconfig */ = {isa = PBXFileReference; includeInIndex = 1; lastKnownFileType = text.xcconfig; name = Pods.release.xcconfig; path = "Pods/Target Support Files/Pods/Pods.release.xcconfig"; sourceTree = "<group>"; };
/* End PBXFileReference section */

/* Begin PBXFrameworksBuildPhase section */
		840FD3FE1CD4FEE700C50D3E /* Frameworks */ = {
			isa = PBXFrameworksBuildPhase;
			buildActionMask = 2147483647;
			files = (
				840FD48B1CD53CE000C50D3E /* CoreMotion.framework in Frameworks */,
				840FD4891CD53C8700C50D3E /* CoreLocation.framework in Frameworks */,
				8E95EBA82687DB39F7247AD4 /* libPods.a in Frameworks */,
			);
			runOnlyForDeploymentPostprocessing = 0;
		};
		840FD4171CD4FEE700C50D3E /* Frameworks */ = {
			isa = PBXFrameworksBuildPhase;
			buildActionMask = 2147483647;
			files = (
			);
			runOnlyForDeploymentPostprocessing = 0;
		};
		840FD4221CD4FEE700C50D3E /* Frameworks */ = {
			isa = PBXFrameworksBuildPhase;
			buildActionMask = 2147483647;
			files = (
			);
			runOnlyForDeploymentPostprocessing = 0;
		};
/* End PBXFrameworksBuildPhase section */

/* Begin PBXGroup section */
		5F972BACC534E0DFAE5B6C49 /* Pods */ = {
			isa = PBXGroup;
			children = (
				39DAF4C7688AB6EF1BA3D1C2 /* Pods.debug.xcconfig */,
				D8E30D0D3415ECE08848254D /* Pods.release.xcconfig */,
			);
			name = Pods;
			sourceTree = "<group>";
		};
		840FD3F81CD4FEE700C50D3E = {
			isa = PBXGroup;
			children = (
				840FD4031CD4FEE700C50D3E /* WhereIs */,
				840FD41D1CD4FEE700C50D3E /* WhereIsTests */,
				840FD4281CD4FEE700C50D3E /* WhereIsUITests */,
				840FD4021CD4FEE700C50D3E /* Products */,
				5F972BACC534E0DFAE5B6C49 /* Pods */,
				93D9149F3F8CF1000A108C09 /* Frameworks */,
			);
			sourceTree = "<group>";
		};
		840FD4021CD4FEE700C50D3E /* Products */ = {
			isa = PBXGroup;
			children = (
				840FD4011CD4FEE700C50D3E /* WhereIs.app */,
				840FD41A1CD4FEE700C50D3E /* WhereIsTests.xctest */,
				840FD4251CD4FEE700C50D3E /* WhereIsUITests.xctest */,
			);
			name = Products;
			sourceTree = "<group>";
		};
		840FD4031CD4FEE700C50D3E /* WhereIs */ = {
			isa = PBXGroup;
			children = (
				840FD4071CD4FEE700C50D3E /* AppDelegate.h */,
				840FD4081CD4FEE700C50D3E /* AppDelegate.m */,
				840FD4391CD5145A00C50D3E /* Global */,
				840FD43A1CD5146400C50D3E /* Model */,
				840FD43C1CD5147000C50D3E /* Operation */,
				840FD43B1CD5146A00C50D3E /* View */,
				840FD43D1CD5147600C50D3E /* Utility */,
				840FD4411CD514F100C50D3E /* DB */,
				840FD43E1CD5148500C50D3E /* ThirdSDK */,
				840FD43F1CD5148D00C50D3E /* Define */,
				840FD4401CD5149200C50D3E /* Resources */,
				840FD4041CD4FEE700C50D3E /* Supporting Files */,
			);
			path = WhereIs;
			sourceTree = "<group>";
		};
		840FD4041CD4FEE700C50D3E /* Supporting Files */ = {
			isa = PBXGroup;
			children = (
				840FD4861CD52FE600C50D3E /* Podfile */,
				840FD4151CD4FEE700C50D3E /* Info.plist */,
				840FD4051CD4FEE700C50D3E /* main.m */,
				840FD4481CD5162000C50D3E /* PrefixHeader.pch */,
			);
			name = "Supporting Files";
			sourceTree = "<group>";
		};
		840FD41D1CD4FEE700C50D3E /* WhereIsTests */ = {
			isa = PBXGroup;
			children = (
				840FD41E1CD4FEE700C50D3E /* WhereIsTests.m */,
				840FD4201CD4FEE700C50D3E /* Info.plist */,
			);
			path = WhereIsTests;
			sourceTree = "<group>";
		};
		840FD4281CD4FEE700C50D3E /* WhereIsUITests */ = {
			isa = PBXGroup;
			children = (
				840FD4291CD4FEE700C50D3E /* WhereIsUITests.m */,
				840FD42B1CD4FEE700C50D3E /* Info.plist */,
			);
			path = WhereIsUITests;
			sourceTree = "<group>";
		};
		840FD4391CD5145A00C50D3E /* Global */ = {
			isa = PBXGroup;
			children = (
				840FD48D1CD54B6A00C50D3E /* Global.h */,
				840FD48E1CD54B6A00C50D3E /* Global.m */,
			);
			path = Global;
			sourceTree = "<group>";
		};
		840FD43A1CD5146400C50D3E /* Model */ = {
			isa = PBXGroup;
			children = (
				840FD4491CD518BD00C50D3E /* BaseInfo.h */,
				840FD44A1CD518BD00C50D3E /* BaseInfo.m */,
			);
			path = Model;
			sourceTree = "<group>";
		};
		840FD43B1CD5146A00C50D3E /* View */ = {
			isa = PBXGroup;
			children = (
				840FD44D1CD51B9900C50D3E /* BaseController.h */,
				840FD44E1CD51B9900C50D3E /* BaseController.m */,
				840FD4421CD5151300C50D3E /* Page */,
				840FD4431CD5151900C50D3E /* Widget */,
				840FD4441CD5151F00C50D3E /* Cell */,
			);
			path = View;
			sourceTree = "<group>";
		};
		840FD43C1CD5147000C50D3E /* Operation */ = {
			isa = PBXGroup;
			children = (
				840FD4591CD51C1200C50D3E /* BaseOperation.h */,
				840FD45A1CD51C1200C50D3E /* BaseOperation.m */,
				840FD4901CD54C1D00C50D3E /* GetImage.h */,
				840FD4911CD54C1D00C50D3E /* GetImage.m */,
			);
			path = Operation;
			sourceTree = "<group>";
		};
		840FD43D1CD5147600C50D3E /* Utility */ = {
			isa = PBXGroup;
			children = (
				840FD4611CD51DBB00C50D3E /* FxActivity.h */,
				840FD4621CD51DBB00C50D3E /* FxActivity.m */,
				840FD4631CD51DBB00C50D3E /* FxActivityIndicator.h */,
				840FD4641CD51DBB00C50D3E /* FxActivityIndicator.m */,
				840FD4651CD51DBB00C50D3E /* FxAppSetting.h */,
				840FD4661CD51DBB00C50D3E /* FxAppSetting.m */,
				840FD4671CD51DBB00C50D3E /* FxButtonHelper.h */,
				840FD4681CD51DBB00C50D3E /* FxButtonHelper.m */,
				840FD4691CD51DBB00C50D3E /* FxDate.h */,
				840FD46A1CD51DBB00C50D3E /* FxDate.m */,
				840FD46B1CD51DBB00C50D3E /* FxFileUtility.h */,
				840FD46C1CD51DBB00C50D3E /* FxFileUtility.m */,
				840FD46D1CD51DBB00C50D3E /* FxString.h */,
				840FD46E1CD51DBB00C50D3E /* FxString.m */,
			);
			path = Utility;
			sourceTree = "<group>";
		};
		840FD43E1CD5148500C50D3E /* ThirdSDK */ = {
			isa = PBXGroup;
			children = (
				840FD4761CD51E0200C50D3E /* JsonFramework */,
			);
			path = ThirdSDK;
			sourceTree = "<group>";
		};
		840FD43F1CD5148D00C50D3E /* Define */ = {
			isa = PBXGroup;
			children = (
				840FD44C1CD519D300C50D3E /* Defines.h */,
				840FD48C1CD549FC00C50D3E /* URLDefine.h */,
			);
			path = Define;
			sourceTree = "<group>";
		};
		840FD4401CD5149200C50D3E /* Resources */ = {
			isa = PBXGroup;
			children = (
				840FD4471CD5156B00C50D3E /* Config */,
				840FD4461CD5154C00C50D3E /* Image */,
				840FD4451CD5154300C50D3E /* Xib */,
			);
			path = Resources;
			sourceTree = "<group>";
		};
		840FD4411CD514F100C50D3E /* DB */ = {
			isa = PBXGroup;
			children = (
			);
			path = DB;
			sourceTree = "<group>";
		};
		840FD4421CD5151300C50D3E /* Page */ = {
			isa = PBXGroup;
			children = (
				840FD4501CD51BB200C50D3E /* BasePage.h */,
				840FD4511CD51BB200C50D3E /* BasePage.m */,
				840FD45C1CD51C8E00C50D3E /* AdvertPage.h */,
				840FD45D1CD51C8E00C50D3E /* AdvertPage.m */,
				840FD4931CD54E8E00C50D3E /* BaseNavPage.h */,
				840FD4941CD54E8E00C50D3E /* BaseNavPage.m */,
				840FD4961CD54EA700C50D3E /* CameraPage.h */,
				840FD4971CD54EA700C50D3E /* CameraPage.m */,
				84E44B341CD614ED00BC6DE4 /* MapPage.h */,
				84E44B351CD614ED00BC6DE4 /* MapPage.m */,
			);
			path = Page;
			sourceTree = "<group>";
		};
		840FD4431CD5151900C50D3E /* Widget */ = {
			isa = PBXGroup;
			children = (
				840FD4531CD51BC800C50D3E /* BaseWidget.h */,
				840FD4541CD51BC800C50D3E /* BaseWidget.m */,
				840FD49E1CD5558100C50D3E /* CameraBackgroundWidget.h */,
				840FD49F1CD5558100C50D3E /* CameraBackgroundWidget.m */,
				84E44B371CD6587D00BC6DE4 /* MapWidget.h */,
				84E44B381CD6587D00BC6DE4 /* MapWidget.m */,
				84E44B3A1CD658A200BC6DE4 /* SearchWidget.h */,
				84E44B3B1CD658A200BC6DE4 /* SearchWidget.m */,
				84E44B3D1CD65DE300BC6DE4 /* WeatherWidget.h */,
				84E44B3E1CD65DE300BC6DE4 /* WeatherWidget.m */,
			);
			path = Widget;
			sourceTree = "<group>";
		};
		840FD4441CD5151F00C50D3E /* Cell */ = {
			isa = PBXGroup;
			children = (
				840FD4561CD51BE400C50D3E /* BaseCell.h */,
				840FD4571CD51BE400C50D3E /* BaseCell.m */,
			);
			path = Cell;
			sourceTree = "<group>";
		};
		840FD4451CD5154300C50D3E /* Xib */ = {
			isa = PBXGroup;
			children = (
				840FD45F1CD51CB100C50D3E /* AdvertPage.xib */,
				840FD4991CD54F0B00C50D3E /* CameraPage.xib */,
				84E44B401CD6623700BC6DE4 /* MapPage.xib */,
				84E44B421CD676B900BC6DE4 /* MapWidget.xib */,
			);
			path = Xib;
			sourceTree = "<group>";
		};
		840FD4461CD5154C00C50D3E /* Image */ = {
			isa = PBXGroup;
			children = (
				84E44B441CD6789300BC6DE4 /* map */,
				840FD4101CD4FEE700C50D3E /* Assets.xcassets */,
			);
			path = Image;
			sourceTree = "<group>";
		};
		840FD4471CD5156B00C50D3E /* Config */ = {
			isa = PBXGroup;
			children = (
			);
			path = Config;
			sourceTree = "<group>";
		};
		840FD4761CD51E0200C50D3E /* JsonFramework */ = {
			isa = PBXGroup;
			children = (
				840FD4771CD51E0200C50D3E /* FxJSON.h */,
				840FD4781CD51E0200C50D3E /* FxJSON.m */,
				840FD4791CD51E0200C50D3E /* FxJsonBase.h */,
				840FD47A1CD51E0200C50D3E /* FxJsonBase.m */,
				840FD47B1CD51E0200C50D3E /* FxJsonParser.h */,
				840FD47C1CD51E0200C50D3E /* FxJsonParser.m */,
				840FD47D1CD51E0200C50D3E /* FxJsonUtility.h */,
				840FD47E1CD51E0200C50D3E /* FxJsonUtility.m */,
				840FD47F1CD51E0200C50D3E /* FxJsonWriter.h */,
				840FD4801CD51E0200C50D3E /* FxJsonWriter.m */,
			);
			path = JsonFramework;
			sourceTree = "<group>";
		};
		84E44B441CD6789300BC6DE4 /* map */ = {
			isa = PBXGroup;
			children = (
				84E44B451CD678EF00BC6DE4 /* location_no@2x.png */,
				84E44B461CD678EF00BC6DE4 /* location_yes@2x.png */,
				84E44B471CD678EF00BC6DE4 /* path@2x.png */,
				84E44B481CD678EF00BC6DE4 /* restaurant.png */,
				84E44B491CD678EF00BC6DE4 /* search@2x.png */,
			);
			path = map;
			sourceTree = "<group>";
		};
		93D9149F3F8CF1000A108C09 /* Frameworks */ = {
			isa = PBXGroup;
			children = (
				840FD48A1CD53CE000C50D3E /* CoreMotion.framework */,
				840FD4881CD53C8700C50D3E /* CoreLocation.framework */,
				8B6D84F3F22F594C95B8D5EA /* libPods.a */,
			);
			name = Frameworks;
			sourceTree = "<group>";
		};
/* End PBXGroup section */

/* Begin PBXNativeTarget section */
		840FD4001CD4FEE700C50D3E /* WhereIs */ = {
			isa = PBXNativeTarget;
			buildConfigurationList = 840FD42E1CD4FEE700C50D3E /* Build configuration list for PBXNativeTarget "WhereIs" */;
			buildPhases = (
				01EFF64AB73986E20795DA53 /* Check Pods Manifest.lock */,
				840FD3FD1CD4FEE700C50D3E /* Sources */,
				840FD3FE1CD4FEE700C50D3E /* Frameworks */,
				840FD3FF1CD4FEE700C50D3E /* Resources */,
				EB7199F3B58DAC9DCE5AF2D2 /* Embed Pods Frameworks */,
				C39B135454514C1DD7386860 /* Copy Pods Resources */,
			);
			buildRules = (
			);
			dependencies = (
			);
			name = WhereIs;
			productName = WhereIs;
			productReference = 840FD4011CD4FEE700C50D3E /* WhereIs.app */;
			productType = "com.apple.product-type.application";
		};
		840FD4191CD4FEE700C50D3E /* WhereIsTests */ = {
			isa = PBXNativeTarget;
			buildConfigurationList = 840FD4311CD4FEE700C50D3E /* Build configuration list for PBXNativeTarget "WhereIsTests" */;
			buildPhases = (
				840FD4161CD4FEE700C50D3E /* Sources */,
				840FD4171CD4FEE700C50D3E /* Frameworks */,
				840FD4181CD4FEE700C50D3E /* Resources */,
			);
			buildRules = (
			);
			dependencies = (
				840FD41C1CD4FEE700C50D3E /* PBXTargetDependency */,
			);
			name = WhereIsTests;
			productName = WhereIsTests;
			productReference = 840FD41A1CD4FEE700C50D3E /* WhereIsTests.xctest */;
			productType = "com.apple.product-type.bundle.unit-test";
		};
		840FD4241CD4FEE700C50D3E /* WhereIsUITests */ = {
			isa = PBXNativeTarget;
			buildConfigurationList = 840FD4341CD4FEE700C50D3E /* Build configuration list for PBXNativeTarget "WhereIsUITests" */;
			buildPhases = (
				840FD4211CD4FEE700C50D3E /* Sources */,
				840FD4221CD4FEE700C50D3E /* Frameworks */,
				840FD4231CD4FEE700C50D3E /* Resources */,
			);
			buildRules = (
			);
			dependencies = (
				840FD4271CD4FEE700C50D3E /* PBXTargetDependency */,
			);
			name = WhereIsUITests;
			productName = WhereIsUITests;
			productReference = 840FD4251CD4FEE700C50D3E /* WhereIsUITests.xctest */;
			productType = "com.apple.product-type.bundle.ui-testing";
		};
/* End PBXNativeTarget section */

/* Begin PBXProject section */
		840FD3F91CD4FEE700C50D3E /* Project object */ = {
			isa = PBXProject;
			attributes = {
				LastUpgradeCheck = 0730;
				ORGANIZATIONNAME = ShipuW;
				TargetAttributes = {
					840FD4001CD4FEE700C50D3E = {
						CreatedOnToolsVersion = 7.3;
					};
					840FD4191CD4FEE700C50D3E = {
						CreatedOnToolsVersion = 7.3;
						TestTargetID = 840FD4001CD4FEE700C50D3E;
					};
					840FD4241CD4FEE700C50D3E = {
						CreatedOnToolsVersion = 7.3;
						TestTargetID = 840FD4001CD4FEE700C50D3E;
					};
				};
			};
			buildConfigurationList = 840FD3FC1CD4FEE700C50D3E /* Build configuration list for PBXProject "WhereIs" */;
			compatibilityVersion = "Xcode 3.2";
			developmentRegion = English;
			hasScannedForEncodings = 0;
			knownRegions = (
				en,
				Base,
			);
			mainGroup = 840FD3F81CD4FEE700C50D3E;
			productRefGroup = 840FD4021CD4FEE700C50D3E /* Products */;
			projectDirPath = "";
			projectRoot = "";
			targets = (
				840FD4001CD4FEE700C50D3E /* WhereIs */,
				840FD4191CD4FEE700C50D3E /* WhereIsTests */,
				840FD4241CD4FEE700C50D3E /* WhereIsUITests */,
			);
		};
/* End PBXProject section */

/* Begin PBXResourcesBuildPhase section */
		840FD3FF1CD4FEE700C50D3E /* Resources */ = {
			isa = PBXResourcesBuildPhase;
			buildActionMask = 2147483647;
			files = (
				84E44B4D1CD678EF00BC6DE4 /* restaurant.png in Resources */,
				84E44B4E1CD678EF00BC6DE4 /* search@2x.png in Resources */,
				84E44B431CD676B900BC6DE4 /* MapWidget.xib in Resources */,
				84E44B4B1CD678EF00BC6DE4 /* location_yes@2x.png in Resources */,
				840FD4111CD4FEE700C50D3E /* Assets.xcassets in Resources */,
				84E44B411CD6623700BC6DE4 /* MapPage.xib in Resources */,
				840FD4871CD52FE600C50D3E /* Podfile in Resources */,
				840FD4601CD51CB100C50D3E /* AdvertPage.xib in Resources */,
				84E44B4A1CD678EF00BC6DE4 /* location_no@2x.png in Resources */,
				840FD49A1CD54F0B00C50D3E /* CameraPage.xib in Resources */,
				84E44B4C1CD678EF00BC6DE4 /* path@2x.png in Resources */,
			);
			runOnlyForDeploymentPostprocessing = 0;
		};
		840FD4181CD4FEE700C50D3E /* Resources */ = {
			isa = PBXResourcesBuildPhase;
			buildActionMask = 2147483647;
			files = (
			);
			runOnlyForDeploymentPostprocessing = 0;
		};
		840FD4231CD4FEE700C50D3E /* Resources */ = {
			isa = PBXResourcesBuildPhase;
			buildActionMask = 2147483647;
			files = (
			);
			runOnlyForDeploymentPostprocessing = 0;
		};
/* End PBXResourcesBuildPhase section */

/* Begin PBXShellScriptBuildPhase section */
		01EFF64AB73986E20795DA53 /* Check Pods Manifest.lock */ = {
			isa = PBXShellScriptBuildPhase;
			buildActionMask = 2147483647;
			files = (
			);
			inputPaths = (
			);
			name = "Check Pods Manifest.lock";
			outputPaths = (
			);
			runOnlyForDeploymentPostprocessing = 0;
			shellPath = /bin/sh;
			shellScript = "diff \"${PODS_ROOT}/../Podfile.lock\" \"${PODS_ROOT}/Manifest.lock\" > /dev/null\nif [[ $? != 0 ]] ; then\n    cat << EOM\nerror: The sandbox is not in sync with the Podfile.lock. Run 'pod install' or update your CocoaPods installation.\nEOM\n    exit 1\nfi\n";
			showEnvVarsInLog = 0;
		};
		C39B135454514C1DD7386860 /* Copy Pods Resources */ = {
			isa = PBXShellScriptBuildPhase;
			buildActionMask = 2147483647;
			files = (
			);
			inputPaths = (
			);
			name = "Copy Pods Resources";
			outputPaths = (
			);
			runOnlyForDeploymentPostprocessing = 0;
			shellPath = /bin/sh;
			shellScript = "\"${SRCROOT}/Pods/Target Support Files/Pods/Pods-resources.sh\"\n";
			showEnvVarsInLog = 0;
		};
		EB7199F3B58DAC9DCE5AF2D2 /* Embed Pods Frameworks */ = {
			isa = PBXShellScriptBuildPhase;
			buildActionMask = 2147483647;
			files = (
			);
			inputPaths = (
			);
			name = "Embed Pods Frameworks";
			outputPaths = (
			);
			runOnlyForDeploymentPostprocessing = 0;
			shellPath = /bin/sh;
			shellScript = "\"${SRCROOT}/Pods/Target Support Files/Pods/Pods-frameworks.sh\"\n";
			showEnvVarsInLog = 0;
		};
/* End PBXShellScriptBuildPhase section */

/* Begin PBXSourcesBuildPhase section */
		840FD3FD1CD4FEE700C50D3E /* Sources */ = {
			isa = PBXSourcesBuildPhase;
			buildActionMask = 2147483647;
			files = (
				840FD48F1CD54B6A00C50D3E /* Global.m in Sources */,
				840FD4711CD51DBB00C50D3E /* FxAppSetting.m in Sources */,
				840FD4721CD51DBB00C50D3E /* FxButtonHelper.m in Sources */,
				840FD4701CD51DBB00C50D3E /* FxActivityIndicator.m in Sources */,
				84E44B3F1CD65DE300BC6DE4 /* WeatherWidget.m in Sources */,
				840FD4A01CD5558100C50D3E /* CameraBackgroundWidget.m in Sources */,
				840FD4581CD51BE400C50D3E /* BaseCell.m in Sources */,
				840FD44B1CD518BD00C50D3E /* BaseInfo.m in Sources */,
				840FD4731CD51DBB00C50D3E /* FxDate.m in Sources */,
				840FD44F1CD51B9900C50D3E /* BaseController.m in Sources */,
				840FD45B1CD51C1200C50D3E /* BaseOperation.m in Sources */,
				840FD4851CD51E0200C50D3E /* FxJsonWriter.m in Sources */,
				840FD4821CD51E0200C50D3E /* FxJsonBase.m in Sources */,
				84E44B391CD6587D00BC6DE4 /* MapWidget.m in Sources */,
				840FD4811CD51E0200C50D3E /* FxJSON.m in Sources */,
				840FD4521CD51BB200C50D3E /* BasePage.m in Sources */,
				84E44B3C1CD658A200BC6DE4 /* SearchWidget.m in Sources */,
				840FD4951CD54E8E00C50D3E /* BaseNavPage.m in Sources */,
				840FD45E1CD51C8E00C50D3E /* AdvertPage.m in Sources */,
				84E44B361CD614ED00BC6DE4 /* MapPage.m in Sources */,
				840FD4091CD4FEE700C50D3E /* AppDelegate.m in Sources */,
				840FD4831CD51E0200C50D3E /* FxJsonParser.m in Sources */,
				840FD4741CD51DBB00C50D3E /* FxFileUtility.m in Sources */,
				840FD4841CD51E0200C50D3E /* FxJsonUtility.m in Sources */,
				840FD4551CD51BC800C50D3E /* BaseWidget.m in Sources */,
				840FD4061CD4FEE700C50D3E /* main.m in Sources */,
				840FD46F1CD51DBB00C50D3E /* FxActivity.m in Sources */,
				840FD4981CD54EA700C50D3E /* CameraPage.m in Sources */,
				840FD4751CD51DBB00C50D3E /* FxString.m in Sources */,
				840FD4921CD54C1D00C50D3E /* GetImage.m in Sources */,
			);
			runOnlyForDeploymentPostprocessing = 0;
		};
		840FD4161CD4FEE700C50D3E /* Sources */ = {
			isa = PBXSourcesBuildPhase;
			buildActionMask = 2147483647;
			files = (
				840FD41F1CD4FEE700C50D3E /* WhereIsTests.m in Sources */,
			);
			runOnlyForDeploymentPostprocessing = 0;
		};
		840FD4211CD4FEE700C50D3E /* Sources */ = {
			isa = PBXSourcesBuildPhase;
			buildActionMask = 2147483647;
			files = (
				840FD42A1CD4FEE700C50D3E /* WhereIsUITests.m in Sources */,
			);
			runOnlyForDeploymentPostprocessing = 0;
		};
/* End PBXSourcesBuildPhase section */

/* Begin PBXTargetDependency section */
		840FD41C1CD4FEE700C50D3E /* PBXTargetDependency */ = {
			isa = PBXTargetDependency;
			target = 840FD4001CD4FEE700C50D3E /* WhereIs */;
			targetProxy = 840FD41B1CD4FEE700C50D3E /* PBXContainerItemProxy */;
		};
		840FD4271CD4FEE700C50D3E /* PBXTargetDependency */ = {
			isa = PBXTargetDependency;
			target = 840FD4001CD4FEE700C50D3E /* WhereIs */;
			targetProxy = 840FD4261CD4FEE700C50D3E /* PBXContainerItemProxy */;
		};
/* End PBXTargetDependency section */

/* Begin XCBuildConfiguration section */
		840FD42C1CD4FEE700C50D3E /* Debug */ = {
			isa = XCBuildConfiguration;
			buildSettings = {
				ALWAYS_SEARCH_USER_PATHS = NO;
				CLANG_ANALYZER_NONNULL = YES;
				CLANG_CXX_LANGUAGE_STANDARD = "gnu++0x";
				CLANG_CXX_LIBRARY = "libc++";
				CLANG_ENABLE_MODULES = YES;
				CLANG_ENABLE_OBJC_ARC = YES;
				CLANG_WARN_BOOL_CONVERSION = YES;
				CLANG_WARN_CONSTANT_CONVERSION = YES;
				CLANG_WARN_DIRECT_OBJC_ISA_USAGE = YES_ERROR;
				CLANG_WARN_EMPTY_BODY = YES;
				CLANG_WARN_ENUM_CONVERSION = YES;
				CLANG_WARN_INT_CONVERSION = YES;
				CLANG_WARN_OBJC_ROOT_CLASS = YES_ERROR;
				CLANG_WARN_UNREACHABLE_CODE = YES;
				CLANG_WARN__DUPLICATE_METHOD_MATCH = YES;
				"CODE_SIGN_IDENTITY[sdk=iphoneos*]" = "iPhone Developer";
				COPY_PHASE_STRIP = NO;
				DEBUG_INFORMATION_FORMAT = dwarf;
				ENABLE_STRICT_OBJC_MSGSEND = YES;
				ENABLE_TESTABILITY = YES;
				GCC_C_LANGUAGE_STANDARD = gnu99;
				GCC_DYNAMIC_NO_PIC = NO;
				GCC_NO_COMMON_BLOCKS = YES;
				GCC_OPTIMIZATION_LEVEL = 0;
				GCC_PREPROCESSOR_DEFINITIONS = (
					"DEBUG=1",
					"$(inherited)",
				);
				GCC_WARN_64_TO_32_BIT_CONVERSION = YES;
				GCC_WARN_ABOUT_RETURN_TYPE = YES_ERROR;
				GCC_WARN_UNDECLARED_SELECTOR = YES;
				GCC_WARN_UNINITIALIZED_AUTOS = YES_AGGRESSIVE;
				GCC_WARN_UNUSED_FUNCTION = YES;
				GCC_WARN_UNUSED_VARIABLE = YES;
				IPHONEOS_DEPLOYMENT_TARGET = 9.3;
				MTL_ENABLE_DEBUG_INFO = YES;
				ONLY_ACTIVE_ARCH = YES;
				SDKROOT = iphoneos;
			};
			name = Debug;
		};
		840FD42D1CD4FEE700C50D3E /* Release */ = {
			isa = XCBuildConfiguration;
			buildSettings = {
				ALWAYS_SEARCH_USER_PATHS = NO;
				CLANG_ANALYZER_NONNULL = YES;
				CLANG_CXX_LANGUAGE_STANDARD = "gnu++0x";
				CLANG_CXX_LIBRARY = "libc++";
				CLANG_ENABLE_MODULES = YES;
				CLANG_ENABLE_OBJC_ARC = YES;
				CLANG_WARN_BOOL_CONVERSION = YES;
				CLANG_WARN_CONSTANT_CONVERSION = YES;
				CLANG_WARN_DIRECT_OBJC_ISA_USAGE = YES_ERROR;
				CLANG_WARN_EMPTY_BODY = YES;
				CLANG_WARN_ENUM_CONVERSION = YES;
				CLANG_WARN_INT_CONVERSION = YES;
				CLANG_WARN_OBJC_ROOT_CLASS = YES_ERROR;
				CLANG_WARN_UNREACHABLE_CODE = YES;
				CLANG_WARN__DUPLICATE_METHOD_MATCH = YES;
				"CODE_SIGN_IDENTITY[sdk=iphoneos*]" = "iPhone Developer";
				COPY_PHASE_STRIP = NO;
				DEBUG_INFORMATION_FORMAT = "dwarf-with-dsym";
				ENABLE_NS_ASSERTIONS = NO;
				ENABLE_STRICT_OBJC_MSGSEND = YES;
				GCC_C_LANGUAGE_STANDARD = gnu99;
				GCC_NO_COMMON_BLOCKS = YES;
				GCC_WARN_64_TO_32_BIT_CONVERSION = YES;
				GCC_WARN_ABOUT_RETURN_TYPE = YES_ERROR;
				GCC_WARN_UNDECLARED_SELECTOR = YES;
				GCC_WARN_UNINITIALIZED_AUTOS = YES_AGGRESSIVE;
				GCC_WARN_UNUSED_FUNCTION = YES;
				GCC_WARN_UNUSED_VARIABLE = YES;
				IPHONEOS_DEPLOYMENT_TARGET = 9.3;
				MTL_ENABLE_DEBUG_INFO = NO;
				SDKROOT = iphoneos;
				VALIDATE_PRODUCT = YES;
			};
			name = Release;
		};
		840FD42F1CD4FEE700C50D3E /* Debug */ = {
			isa = XCBuildConfiguration;
			baseConfigurationReference = 39DAF4C7688AB6EF1BA3D1C2 /* Pods.debug.xcconfig */;
			buildSettings = {
				ASSETCATALOG_COMPILER_APPICON_NAME = AppIcon;
				ASSETCATALOG_COMPILER_LAUNCHIMAGE_NAME = LaunchScreen;
				GCC_PREFIX_HEADER = WhereIs/PrefixHeader.pch;
				INFOPLIST_FILE = WhereIs/Info.plist;
				LD_RUNPATH_SEARCH_PATHS = "$(inherited) @executable_path/Frameworks";
				PRODUCT_BUNDLE_IDENTIFIER = com.waspmaster.WhereIs;
				PRODUCT_NAME = "$(TARGET_NAME)";
			};
			name = Debug;
		};
		840FD4301CD4FEE700C50D3E /* Release */ = {
			isa = XCBuildConfiguration;
			baseConfigurationReference = D8E30D0D3415ECE08848254D /* Pods.release.xcconfig */;
			buildSettings = {
				ASSETCATALOG_COMPILER_APPICON_NAME = AppIcon;
				ASSETCATALOG_COMPILER_LAUNCHIMAGE_NAME = LaunchScreen;
				GCC_PREFIX_HEADER = WhereIs/PrefixHeader.pch;
				INFOPLIST_FILE = WhereIs/Info.plist;
				LD_RUNPATH_SEARCH_PATHS = "$(inherited) @executable_path/Frameworks";
				PRODUCT_BUNDLE_IDENTIFIER = com.waspmaster.WhereIs;
				PRODUCT_NAME = "$(TARGET_NAME)";
			};
			name = Release;
		};
		840FD4321CD4FEE700C50D3E /* Debug */ = {
			isa = XCBuildConfiguration;
			buildSettings = {
				BUNDLE_LOADER = "$(TEST_HOST)";
				INFOPLIST_FILE = WhereIsTests/Info.plist;
				LD_RUNPATH_SEARCH_PATHS = "$(inherited) @executable_path/Frameworks @loader_path/Frameworks";
				PRODUCT_BUNDLE_IDENTIFIER = com.waspmaster.WhereIsTests;
				PRODUCT_NAME = "$(TARGET_NAME)";
				TEST_HOST = "$(BUILT_PRODUCTS_DIR)/WhereIs.app/WhereIs";
			};
			name = Debug;
		};
		840FD4331CD4FEE700C50D3E /* Release */ = {
			isa = XCBuildConfiguration;
			buildSettings = {
				BUNDLE_LOADER = "$(TEST_HOST)";
				INFOPLIST_FILE = WhereIsTests/Info.plist;
				LD_RUNPATH_SEARCH_PATHS = "$(inherited) @executable_path/Frameworks @loader_path/Frameworks";
				PRODUCT_BUNDLE_IDENTIFIER = com.waspmaster.WhereIsTests;
				PRODUCT_NAME = "$(TARGET_NAME)";
				TEST_HOST = "$(BUILT_PRODUCTS_DIR)/WhereIs.app/WhereIs";
			};
			name = Release;
		};
		840FD4351CD4FEE700C50D3E /* Debug */ = {
			isa = XCBuildConfiguration;
			buildSettings = {
				INFOPLIST_FILE = WhereIsUITests/Info.plist;
				LD_RUNPATH_SEARCH_PATHS = "$(inherited) @executable_path/Frameworks @loader_path/Frameworks";
				PRODUCT_BUNDLE_IDENTIFIER = com.waspmaster.WhereIsUITests;
				PRODUCT_NAME = "$(TARGET_NAME)";
				TEST_TARGET_NAME = WhereIs;
			};
			name = Debug;
		};
		840FD4361CD4FEE700C50D3E /* Release */ = {
			isa = XCBuildConfiguration;
			buildSettings = {
				INFOPLIST_FILE = WhereIsUITests/Info.plist;
				LD_RUNPATH_SEARCH_PATHS = "$(inherited) @executable_path/Frameworks @loader_path/Frameworks";
				PRODUCT_BUNDLE_IDENTIFIER = com.waspmaster.WhereIsUITests;
				PRODUCT_NAME = "$(TARGET_NAME)";
				TEST_TARGET_NAME = WhereIs;
			};
			name = Release;
		};
/* End XCBuildConfiguration section */

/* Begin XCConfigurationList section */
		840FD3FC1CD4FEE700C50D3E /* Build configuration list for PBXProject "WhereIs" */ = {
			isa = XCConfigurationList;
			buildConfigurations = (
				840FD42C1CD4FEE700C50D3E /* Debug */,
				840FD42D1CD4FEE700C50D3E /* Release */,
			);
			defaultConfigurationIsVisible = 0;
			defaultConfigurationName = Release;
		};
		840FD42E1CD4FEE700C50D3E /* Build configuration list for PBXNativeTarget "WhereIs" */ = {
			isa = XCConfigurationList;
			buildConfigurations = (
				840FD42F1CD4FEE700C50D3E /* Debug */,
				840FD4301CD4FEE700C50D3E /* Release */,
			);
			defaultConfigurationIsVisible = 0;
			defaultConfigurationName = Release;
		};
		840FD4311CD4FEE700C50D3E /* Build configuration list for PBXNativeTarget "WhereIsTests" */ = {
			isa = XCConfigurationList;
			buildConfigurations = (
				840FD4321CD4FEE700C50D3E /* Debug */,
				840FD4331CD4FEE700C50D3E /* Release */,
			);
			defaultConfigurationIsVisible = 0;
			defaultConfigurationName = Release;
		};
		840FD4341CD4FEE700C50D3E /* Build configuration list for PBXNativeTarget "WhereIsUITests" */ = {
			isa = XCConfigurationList;
			buildConfigurations = (
				840FD4351CD4FEE700C50D3E /* Debug */,
				840FD4361CD4FEE700C50D3E /* Release */,
			);
			defaultConfigurationIsVisible = 0;
			defaultConfigurationName = Release;
		};
/* End XCConfigurationList section */
	};
	rootObject = 840FD3F91CD4FEE700C50D3E /* Project object */;
}
