// !$*UTF8*$!
{
	archiveVersion = 1;
	classes = {
	};
	objectVersion = 46;
	objects = {

/* Begin PBXBuildFile section */
		8403EB0F1CF4340F00CAF837 /* SystemConfiguration.framework in Frameworks */ = {isa = PBXBuildFile; fileRef = 8403EB0E1CF4340F00CAF837 /* SystemConfiguration.framework */; };
		840FD4061CD4FEE700C50D3E /* main.m in Sources */ = {isa = PBXBuildFile; fileRef = 840FD4051CD4FEE700C50D3E /* main.m */; };
		840FD4091CD4FEE700C50D3E /* AppDelegate.m in Sources */ = {isa = PBXBuildFile; fileRef = 840FD4081CD4FEE700C50D3E /* AppDelegate.m */; };
		840FD4111CD4FEE700C50D3E /* Assets.xcassets in Resources */ = {isa = PBXBuildFile; fileRef = 840FD4101CD4FEE700C50D3E /* Assets.xcassets */; };
		840FD41F1CD4FEE700C50D3E /* WhereIsTests.m in Sources */ = {isa = PBXBuildFile; fileRef = 840FD41E1CD4FEE700C50D3E /* WhereIsTests.m */; };
		840FD42A1CD4FEE700C50D3E /* WhereIsUITests.m in Sources */ = {isa = PBXBuildFile; fileRef = 840FD4291CD4FEE700C50D3E /* WhereIsUITests.m */; };
		840FD44B1CD518BD00C50D3E /* BaseInfo.m in Sources */ = {isa = PBXBuildFile; fileRef = 840FD44A1CD518BD00C50D3E /* BaseInfo.m */; };
		840FD44F1CD51B9900C50D3E /* BaseController.m in Sources */ = {isa = PBXBuildFile; fileRef = 840FD44E1CD51B9900C50D3E /* BaseController.m */; };
		840FD4521CD51BB200C50D3E /* BasePage.m in Sources */ = {isa = PBXBuildFile; fileRef = 840FD4511CD51BB200C50D3E /* BasePage.m */; };
		840FD4551CD51BC800C50D3E /* BaseWidget.m in Sources */ = {isa = PBXBuildFile; fileRef = 840FD4541CD51BC800C50D3E /* BaseWidget.m */; };
		840FD4581CD51BE400C50D3E /* BaseCell.m in Sources */ = {isa = PBXBuildFile; fileRef = 840FD4571CD51BE400C50D3E /* BaseCell.m */; };
		840FD45B1CD51C1200C50D3E /* BaseOperation.m in Sources */ = {isa = PBXBuildFile; fileRef = 840FD45A1CD51C1200C50D3E /* BaseOperation.m */; };
		840FD45E1CD51C8E00C50D3E /* AdvertPage.m in Sources */ = {isa = PBXBuildFile; fileRef = 840FD45D1CD51C8E00C50D3E /* AdvertPage.m */; };
		840FD4601CD51CB100C50D3E /* AdvertPage.xib in Resources */ = {isa = PBXBuildFile; fileRef = 840FD45F1CD51CB100C50D3E /* AdvertPage.xib */; };
		840FD46F1CD51DBB00C50D3E /* FxActivity.m in Sources */ = {isa = PBXBuildFile; fileRef = 840FD4621CD51DBB00C50D3E /* FxActivity.m */; };
		840FD4701CD51DBB00C50D3E /* FxActivityIndicator.m in Sources */ = {isa = PBXBuildFile; fileRef = 840FD4641CD51DBB00C50D3E /* FxActivityIndicator.m */; settings = {COMPILER_FLAGS = "-fno-objc-arc"; }; };
		840FD4711CD51DBB00C50D3E /* FxAppSetting.m in Sources */ = {isa = PBXBuildFile; fileRef = 840FD4661CD51DBB00C50D3E /* FxAppSetting.m */; };
		840FD4721CD51DBB00C50D3E /* FxButtonHelper.m in Sources */ = {isa = PBXBuildFile; fileRef = 840FD4681CD51DBB00C50D3E /* FxButtonHelper.m */; };
		840FD4731CD51DBB00C50D3E /* FxDate.m in Sources */ = {isa = PBXBuildFile; fileRef = 840FD46A1CD51DBB00C50D3E /* FxDate.m */; };
		840FD4741CD51DBB00C50D3E /* FxFileUtility.m in Sources */ = {isa = PBXBuildFile; fileRef = 840FD46C1CD51DBB00C50D3E /* FxFileUtility.m */; };
		840FD4751CD51DBB00C50D3E /* FxString.m in Sources */ = {isa = PBXBuildFile; fileRef = 840FD46E1CD51DBB00C50D3E /* FxString.m */; settings = {COMPILER_FLAGS = "-fno-objc-arc"; }; };
		840FD4811CD51E0200C50D3E /* FxJSON.m in Sources */ = {isa = PBXBuildFile; fileRef = 840FD4781CD51E0200C50D3E /* FxJSON.m */; settings = {COMPILER_FLAGS = "-fno-objc-arc"; }; };
		840FD4821CD51E0200C50D3E /* FxJsonBase.m in Sources */ = {isa = PBXBuildFile; fileRef = 840FD47A1CD51E0200C50D3E /* FxJsonBase.m */; settings = {COMPILER_FLAGS = "-fno-objc-arc"; }; };
		840FD4831CD51E0200C50D3E /* FxJsonParser.m in Sources */ = {isa = PBXBuildFile; fileRef = 840FD47C1CD51E0200C50D3E /* FxJsonParser.m */; settings = {COMPILER_FLAGS = "-fno-objc-arc"; }; };
		840FD4841CD51E0200C50D3E /* FxJsonUtility.m in Sources */ = {isa = PBXBuildFile; fileRef = 840FD47E1CD51E0200C50D3E /* FxJsonUtility.m */; settings = {COMPILER_FLAGS = "-fno-objc-arc"; }; };
		840FD4851CD51E0200C50D3E /* FxJsonWriter.m in Sources */ = {isa = PBXBuildFile; fileRef = 840FD4801CD51E0200C50D3E /* FxJsonWriter.m */; settings = {COMPILER_FLAGS = "-fno-objc-arc"; }; };
		840FD48B1CD53CE000C50D3E /* CoreMotion.framework in Frameworks */ = {isa = PBXBuildFile; fileRef = 840FD48A1CD53CE000C50D3E /* CoreMotion.framework */; };
		840FD48F1CD54B6A00C50D3E /* Global.m in Sources */ = {isa = PBXBuildFile; fileRef = 840FD48E1CD54B6A00C50D3E /* Global.m */; };
		840FD4921CD54C1D00C50D3E /* GetImage.m in Sources */ = {isa = PBXBuildFile; fileRef = 840FD4911CD54C1D00C50D3E /* GetImage.m */; };
		840FD4951CD54E8E00C50D3E /* BaseNavPage.m in Sources */ = {isa = PBXBuildFile; fileRef = 840FD4941CD54E8E00C50D3E /* BaseNavPage.m */; };
		840FD4981CD54EA700C50D3E /* CameraPage.m in Sources */ = {isa = PBXBuildFile; fileRef = 840FD4971CD54EA700C50D3E /* CameraPage.m */; };
		840FD49A1CD54F0B00C50D3E /* CameraPage.xib in Resources */ = {isa = PBXBuildFile; fileRef = 840FD4991CD54F0B00C50D3E /* CameraPage.xib */; };
		840FD4A01CD5558100C50D3E /* CameraBackgroundWidget.m in Sources */ = {isa = PBXBuildFile; fileRef = 840FD49F1CD5558100C50D3E /* CameraBackgroundWidget.m */; };
		844AECFE1CF09FD200983607 /* building@2x.png in Resources */ = {isa = PBXBuildFile; fileRef = 844AECFD1CF09FD200983607 /* building@2x.png */; };
		844AED0B1CF0A3CC00983607 /* FxDB.framework in Frameworks */ = {isa = PBXBuildFile; fileRef = 844AED0A1CF0A3CC00983607 /* FxDB.framework */; };
		844AED101CF0A53300983607 /* DBManager.m in Sources */ = {isa = PBXBuildFile; fileRef = 844AED0D1CF0A53300983607 /* DBManager.m */; };
		844AED111CF0A53300983607 /* DBManager+Private.m in Sources */ = {isa = PBXBuildFile; fileRef = 844AED0F1CF0A53300983607 /* DBManager+Private.m */; };
		844AED131CF0A67F00983607 /* libsqlite3.tbd in Frameworks */ = {isa = PBXBuildFile; fileRef = 844AED121CF0A67F00983607 /* libsqlite3.tbd */; };
		844AED161CF0AB6300983607 /* RecordInfo.m in Sources */ = {isa = PBXBuildFile; fileRef = 844AED151CF0AB6300983607 /* RecordInfo.m */; };
		844AED191CF0AB7A00983607 /* AdvertInfo.m in Sources */ = {isa = PBXBuildFile; fileRef = 844AED181CF0AB7A00983607 /* AdvertInfo.m */; };
		844AED1C1CF19B0E00983607 /* SearchCell.m in Sources */ = {isa = PBXBuildFile; fileRef = 844AED1B1CF19B0D00983607 /* SearchCell.m */; };
		844AED1E1CF19B3700983607 /* SearchCell.xib in Resources */ = {isa = PBXBuildFile; fileRef = 844AED1D1CF19B3700983607 /* SearchCell.xib */; };
		846992A01CDA244700CB8171 /* MyPage.m in Sources */ = {isa = PBXBuildFile; fileRef = 8469929F1CDA244700CB8171 /* MyPage.m */; };
		846992A31CDA245700CB8171 /* LoginPage.m in Sources */ = {isa = PBXBuildFile; fileRef = 846992A21CDA245700CB8171 /* LoginPage.m */; };
		846992A51CDA247800CB8171 /* MyPage.xib in Resources */ = {isa = PBXBuildFile; fileRef = 846992A41CDA247800CB8171 /* MyPage.xib */; };
		846992A91CDA249600CB8171 /* LoginPage.xib in Resources */ = {isa = PBXBuildFile; fileRef = 846992A81CDA249600CB8171 /* LoginPage.xib */; };
		846992AE1CDA27F800CB8171 /* Login.m in Sources */ = {isa = PBXBuildFile; fileRef = 846992AD1CDA27F800CB8171 /* Login.m */; };
		846992B11CDA283300CB8171 /* UserInfo.m in Sources */ = {isa = PBXBuildFile; fileRef = 846992B01CDA283300CB8171 /* UserInfo.m */; };
		846992B91CDA2C4D00CB8171 /* account_snslogin_icon_1@2x.png in Resources */ = {isa = PBXBuildFile; fileRef = 846992B21CDA2C4D00CB8171 /* account_snslogin_icon_1@2x.png */; };
		846992BA1CDA2C4D00CB8171 /* account_snslogin_icon_3@2x.png in Resources */ = {isa = PBXBuildFile; fileRef = 846992B31CDA2C4D00CB8171 /* account_snslogin_icon_3@2x.png */; };
		846992BB1CDA2C4D00CB8171 /* home_page_line_vertical@2x.png in Resources */ = {isa = PBXBuildFile; fileRef = 846992B41CDA2C4D00CB8171 /* home_page_line_vertical@2x.png */; };
		846992BC1CDA2C4D00CB8171 /* login_button@2x.png in Resources */ = {isa = PBXBuildFile; fileRef = 846992B51CDA2C4D00CB8171 /* login_button@2x.png */; };
		846992BD1CDA2C4D00CB8171 /* login_forgot_button@2x.png in Resources */ = {isa = PBXBuildFile; fileRef = 846992B61CDA2C4D00CB8171 /* login_forgot_button@2x.png */; };
		846992BE1CDA2C4D00CB8171 /* login_password_icon@2x.png in Resources */ = {isa = PBXBuildFile; fileRef = 846992B71CDA2C4D00CB8171 /* login_password_icon@2x.png */; };
		846992BF1CDA2C4D00CB8171 /* login_username_icon@2x.png in Resources */ = {isa = PBXBuildFile; fileRef = 846992B81CDA2C4D00CB8171 /* login_username_icon@2x.png */; };
		846992C11CDA2E9300CB8171 /* Icon-60@2x.png in Resources */ = {isa = PBXBuildFile; fileRef = 846992C01CDA2E9300CB8171 /* Icon-60@2x.png */; };
		846992C31CDA32C900CB8171 /* login@2x.png in Resources */ = {isa = PBXBuildFile; fileRef = 846992C21CDA32C900CB8171 /* login@2x.png */; };
		8479DD1E1CF5455C009E46A6 /* AMapSearchKit.framework in Frameworks */ = {isa = PBXBuildFile; fileRef = 8479DD1C1CF5455C009E46A6 /* AMapSearchKit.framework */; };
		8479DD1F1CF5455C009E46A6 /* MAMapKit.framework in Frameworks */ = {isa = PBXBuildFile; fileRef = 8479DD1D1CF5455C009E46A6 /* MAMapKit.framework */; };
		8479DD211CF545E0009E46A6 /* libc++.tbd in Frameworks */ = {isa = PBXBuildFile; fileRef = 8479DD201CF545E0009E46A6 /* libc++.tbd */; };
		8479DD231CF545E8009E46A6 /* libz.tbd in Frameworks */ = {isa = PBXBuildFile; fileRef = 8479DD221CF545E8009E46A6 /* libz.tbd */; };
		8479DD251CF545F2009E46A6 /* libstdc++.6.0.9.tbd in Frameworks */ = {isa = PBXBuildFile; fileRef = 8479DD241CF545F2009E46A6 /* libstdc++.6.0.9.tbd */; };
		8479DD271CF545FA009E46A6 /* AudioToolbox.framework in Frameworks */ = {isa = PBXBuildFile; fileRef = 8479DD261CF545FA009E46A6 /* AudioToolbox.framework */; };
		8479DD291CF54601009E46A6 /* AVFoundation.framework in Frameworks */ = {isa = PBXBuildFile; fileRef = 8479DD281CF54601009E46A6 /* AVFoundation.framework */; };
		8479DD2B1CF54609009E46A6 /* AddressBook.framework in Frameworks */ = {isa = PBXBuildFile; fileRef = 8479DD2A1CF54609009E46A6 /* AddressBook.framework */; };
		8479DD2D1CF54615009E46A6 /* CoreTelephony.framework in Frameworks */ = {isa = PBXBuildFile; fileRef = 8479DD2C1CF54615009E46A6 /* CoreTelephony.framework */; };
		8479DD2F1CF5461C009E46A6 /* Security.framework in Frameworks */ = {isa = PBXBuildFile; fileRef = 8479DD2E1CF5461C009E46A6 /* Security.framework */; };
		8479DD311CF5462E009E46A6 /* UIKit.framework in Frameworks */ = {isa = PBXBuildFile; fileRef = 8479DD301CF5462E009E46A6 /* UIKit.framework */; };
		8479DD331CF54634009E46A6 /* Foundation.framework in Frameworks */ = {isa = PBXBuildFile; fileRef = 8479DD321CF54634009E46A6 /* Foundation.framework */; };
		8479DD361CF5478C009E46A6 /* Reachability.m in Sources */ = {isa = PBXBuildFile; fileRef = 8479DD351CF5478C009E46A6 /* Reachability.m */; };
		84C7F3351CF29C5C008B18ED /* history@2x.png in Resources */ = {isa = PBXBuildFile; fileRef = 84C7F3341CF29C5C008B18ED /* history@2x.png */; };
		84C7F3371CF2EC46008B18ED /* arrow@2x.png in Resources */ = {isa = PBXBuildFile; fileRef = 84C7F3361CF2EC46008B18ED /* arrow@2x.png */; };
		84CEAF801CD7994E00175860 /* SearchPage.m in Sources */ = {isa = PBXBuildFile; fileRef = 84CEAF7F1CD7994E00175860 /* SearchPage.m */; };
		84CEAF831CD79A2000175860 /* SearchTableWidget.m in Sources */ = {isa = PBXBuildFile; fileRef = 84CEAF821CD79A2000175860 /* SearchTableWidget.m */; };
		84CEAF851CD79A3500175860 /* SearchPage.xib in Resources */ = {isa = PBXBuildFile; fileRef = 84CEAF841CD79A3500175860 /* SearchPage.xib */; };
		84CEAF871CD79A6300175860 /* SearchTableWidget.xib in Resources */ = {isa = PBXBuildFile; fileRef = 84CEAF861CD79A6300175860 /* SearchTableWidget.xib */; };
		84CEAF891CD79A7C00175860 /* SearchWidget.xib in Resources */ = {isa = PBXBuildFile; fileRef = 84CEAF881CD79A7C00175860 /* SearchWidget.xib */; };
		84CEAF8D1CD8297D00175860 /* CoreLocation.framework in Frameworks */ = {isa = PBXBuildFile; fileRef = 840FD4881CD53C8700C50D3E /* CoreLocation.framework */; };
		84CEAF901CD82C8600175860 /* ViewOnCamera.m in Sources */ = {isa = PBXBuildFile; fileRef = 84CEAF8F1CD82C8600175860 /* ViewOnCamera.m */; };
		84CEAF931CD834C100175860 /* UIView+Frame.m in Sources */ = {isa = PBXBuildFile; fileRef = 84CEAF921CD834C100175860 /* UIView+Frame.m */; };
		84CEAF961CD839EC00175860 /* Caculator.m in Sources */ = {isa = PBXBuildFile; fileRef = 84CEAF951CD839EC00175860 /* Caculator.m */; };
		84CEAF991CD8A66600175860 /* MoveWidget.m in Sources */ = {isa = PBXBuildFile; fileRef = 84CEAF981CD8A66600175860 /* MoveWidget.m */; };
		84CEAF9C1CD8A84600175860 /* arrow_down@2x.png in Resources */ = {isa = PBXBuildFile; fileRef = 84CEAF9A1CD8A84600175860 /* arrow_down@2x.png */; };
		84CEAF9D1CD8A84600175860 /* arrow_up@2x.png in Resources */ = {isa = PBXBuildFile; fileRef = 84CEAF9B1CD8A84600175860 /* arrow_up@2x.png */; };
		84CEAF9F1CD8A9DD00175860 /* MoveWidget.xib in Resources */ = {isa = PBXBuildFile; fileRef = 84CEAF9E1CD8A9DD00175860 /* MoveWidget.xib */; };
		84E44B361CD614ED00BC6DE4 /* MapPage.m in Sources */ = {isa = PBXBuildFile; fileRef = 84E44B351CD614ED00BC6DE4 /* MapPage.m */; };
		84E44B391CD6587D00BC6DE4 /* MapWidget.m in Sources */ = {isa = PBXBuildFile; fileRef = 84E44B381CD6587D00BC6DE4 /* MapWidget.m */; };
		84E44B3C1CD658A200BC6DE4 /* SearchWidget.m in Sources */ = {isa = PBXBuildFile; fileRef = 84E44B3B1CD658A200BC6DE4 /* SearchWidget.m */; };
		84E44B3F1CD65DE300BC6DE4 /* WeatherWidget.m in Sources */ = {isa = PBXBuildFile; fileRef = 84E44B3E1CD65DE300BC6DE4 /* WeatherWidget.m */; };
		84E44B411CD6623700BC6DE4 /* MapPage.xib in Resources */ = {isa = PBXBuildFile; fileRef = 84E44B401CD6623700BC6DE4 /* MapPage.xib */; };
		84E44B431CD676B900BC6DE4 /* MapWidget.xib in Resources */ = {isa = PBXBuildFile; fileRef = 84E44B421CD676B900BC6DE4 /* MapWidget.xib */; };
		84E44B4A1CD678EF00BC6DE4 /* location_no@2x.png in Resources */ = {isa = PBXBuildFile; fileRef = 84E44B451CD678EF00BC6DE4 /* location_no@2x.png */; };
		84E44B4B1CD678EF00BC6DE4 /* location_yes@2x.png in Resources */ = {isa = PBXBuildFile; fileRef = 84E44B461CD678EF00BC6DE4 /* location_yes@2x.png */; };
		84E44B4C1CD678EF00BC6DE4 /* path@2x.png in Resources */ = {isa = PBXBuildFile; fileRef = 84E44B471CD678EF00BC6DE4 /* path@2x.png */; };
		84E44B4D1CD678EF00BC6DE4 /* restaurant.png in Resources */ = {isa = PBXBuildFile; fileRef = 84E44B481CD678EF00BC6DE4 /* restaurant.png */; };
		84E44B4E1CD678EF00BC6DE4 /* search@2x.png in Resources */ = {isa = PBXBuildFile; fileRef = 84E44B491CD678EF00BC6DE4 /* search@2x.png */; };
		84E44B511CD6844D00BC6DE4 /* TableWidget.m in Sources */ = {isa = PBXBuildFile; fileRef = 84E44B501CD6844D00BC6DE4 /* TableWidget.m */; };
		84E44B541CD6850400BC6DE4 /* PositionCell.m in Sources */ = {isa = PBXBuildFile; fileRef = 84E44B531CD6850400BC6DE4 /* PositionCell.m */; };
		84E44B571CD6853400BC6DE4 /* PositionTableWidget.m in Sources */ = {isa = PBXBuildFile; fileRef = 84E44B561CD6853400BC6DE4 /* PositionTableWidget.m */; };
		84E44B591CD6867A00BC6DE4 /* PositionTableWidget.xib in Resources */ = {isa = PBXBuildFile; fileRef = 84E44B581CD6867A00BC6DE4 /* PositionTableWidget.xib */; };
		84E44B5B1CD6869100BC6DE4 /* PositionCell.xib in Resources */ = {isa = PBXBuildFile; fileRef = 84E44B5A1CD6869100BC6DE4 /* PositionCell.xib */; };
		84E44B5E1CD6BE6400BC6DE4 /* CalloutWidget.m in Sources */ = {isa = PBXBuildFile; fileRef = 84E44B5D1CD6BE6400BC6DE4 /* CalloutWidget.m */; };
		84E44B611CD6C26900BC6DE4 /* CustomAnnotationWidget.m in Sources */ = {isa = PBXBuildFile; fileRef = 84E44B601CD6C26900BC6DE4 /* CustomAnnotationWidget.m */; };
		84E44B631CD6C97600BC6DE4 /* pin@2x.png in Resources */ = {isa = PBXBuildFile; fileRef = 84E44B621CD6C97600BC6DE4 /* pin@2x.png */; };
		84E44B651CD6CA3100BC6DE4 /* beginnav@2x.png in Resources */ = {isa = PBXBuildFile; fileRef = 84E44B641CD6CA3100BC6DE4 /* beginnav@2x.png */; };
		84E44B711CD6FFEF00BC6DE4 /* NavBarAlpha.png in Resources */ = {isa = PBXBuildFile; fileRef = 84E44B671CD6FFEF00BC6DE4 /* NavBarAlpha.png */; };
		84E44B721CD6FFEF00BC6DE4 /* NavBarIcon@2x.png in Resources */ = {isa = PBXBuildFile; fileRef = 84E44B681CD6FFEF00BC6DE4 /* NavBarIcon@2x.png */; };
		84E44B731CD6FFEF00BC6DE4 /* NavBarWhite44@2x.png in Resources */ = {isa = PBXBuildFile; fileRef = 84E44B691CD6FFEF00BC6DE4 /* NavBarWhite44@2x.png */; };
		84E44B741CD6FFEF00BC6DE4 /* NavBarWhite64@2x.png in Resources */ = {isa = PBXBuildFile; fileRef = 84E44B6A1CD6FFEF00BC6DE4 /* NavBarWhite64@2x.png */; };
		84E44B751CD6FFEF00BC6DE4 /* NavigationBack@2x.png in Resources */ = {isa = PBXBuildFile; fileRef = 84E44B6B1CD6FFEF00BC6DE4 /* NavigationBack@2x.png */; };
		84E44B761CD6FFEF00BC6DE4 /* NavigationBackBlack@2x.png in Resources */ = {isa = PBXBuildFile; fileRef = 84E44B6C1CD6FFEF00BC6DE4 /* NavigationBackBlack@2x.png */; };
		84E44B771CD6FFEF00BC6DE4 /* NavigationBar44@2x.png in Resources */ = {isa = PBXBuildFile; fileRef = 84E44B6D1CD6FFEF00BC6DE4 /* NavigationBar44@2x.png */; };
		84E44B781CD6FFEF00BC6DE4 /* NavigationBar64@2x.png in Resources */ = {isa = PBXBuildFile; fileRef = 84E44B6E1CD6FFEF00BC6DE4 /* NavigationBar64@2x.png */; };
		84E44B791CD6FFEF00BC6DE4 /* NavigationBell@2x.png in Resources */ = {isa = PBXBuildFile; fileRef = 84E44B6F1CD6FFEF00BC6DE4 /* NavigationBell@2x.png */; };
		84E44B7A1CD6FFEF00BC6DE4 /* NavigationSquare@2x.png in Resources */ = {isa = PBXBuildFile; fileRef = 84E44B701CD6FFEF00BC6DE4 /* NavigationSquare@2x.png */; };
/* End PBXBuildFile section */

/* Begin PBXContainerItemProxy section */
		840FD41B1CD4FEE700C50D3E /* PBXContainerItemProxy */ = {
			isa = PBXContainerItemProxy;
			containerPortal = 840FD3F91CD4FEE700C50D3E /* Project object */;
			proxyType = 1;
			remoteGlobalIDString = 840FD4001CD4FEE700C50D3E;
			remoteInfo = WhereIs;
		};
		840FD4261CD4FEE700C50D3E /* PBXContainerItemProxy */ = {
			isa = PBXContainerItemProxy;
			containerPortal = 840FD3F91CD4FEE700C50D3E /* Project object */;
			proxyType = 1;
			remoteGlobalIDString = 840FD4001CD4FEE700C50D3E;
			remoteInfo = WhereIs;
		};
/* End PBXContainerItemProxy section */

/* Begin PBXFileReference section */
		8403EB0E1CF4340F00CAF837 /* SystemConfiguration.framework */ = {isa = PBXFileReference; lastKnownFileType = wrapper.framework; name = SystemConfiguration.framework; path = System/Library/Frameworks/SystemConfiguration.framework; sourceTree = SDKROOT; };
		840FD4011CD4FEE700C50D3E /* WhereIs.app */ = {isa = PBXFileReference; explicitFileType = wrapper.application; includeInIndex = 0; path = WhereIs.app; sourceTree = BUILT_PRODUCTS_DIR; };
		840FD4051CD4FEE700C50D3E /* main.m */ = {isa = PBXFileReference; lastKnownFileType = sourcecode.c.objc; path = main.m; sourceTree = "<group>"; };
		840FD4071CD4FEE700C50D3E /* AppDelegate.h */ = {isa = PBXFileReference; lastKnownFileType = sourcecode.c.h; path = AppDelegate.h; sourceTree = "<group>"; };
		840FD4081CD4FEE700C50D3E /* AppDelegate.m */ = {isa = PBXFileReference; lastKnownFileType = sourcecode.c.objc; path = AppDelegate.m; sourceTree = "<group>"; };
		840FD4101CD4FEE700C50D3E /* Assets.xcassets */ = {isa = PBXFileReference; lastKnownFileType = folder.assetcatalog; path = Assets.xcassets; sourceTree = "<group>"; };
		840FD4151CD4FEE700C50D3E /* Info.plist */ = {isa = PBXFileReference; lastKnownFileType = text.plist.xml; path = Info.plist; sourceTree = "<group>"; };
		840FD41A1CD4FEE700C50D3E /* WhereIsTests.xctest */ = {isa = PBXFileReference; explicitFileType = wrapper.cfbundle; includeInIndex = 0; path = WhereIsTests.xctest; sourceTree = BUILT_PRODUCTS_DIR; };
		840FD41E1CD4FEE700C50D3E /* WhereIsTests.m */ = {isa = PBXFileReference; lastKnownFileType = sourcecode.c.objc; path = WhereIsTests.m; sourceTree = "<group>"; };
		840FD4201CD4FEE700C50D3E /* Info.plist */ = {isa = PBXFileReference; lastKnownFileType = text.plist.xml; path = Info.plist; sourceTree = "<group>"; };
		840FD4251CD4FEE700C50D3E /* WhereIsUITests.xctest */ = {isa = PBXFileReference; explicitFileType = wrapper.cfbundle; includeInIndex = 0; path = WhereIsUITests.xctest; sourceTree = BUILT_PRODUCTS_DIR; };
		840FD4291CD4FEE700C50D3E /* WhereIsUITests.m */ = {isa = PBXFileReference; lastKnownFileType = sourcecode.c.objc; path = WhereIsUITests.m; sourceTree = "<group>"; };
		840FD42B1CD4FEE700C50D3E /* Info.plist */ = {isa = PBXFileReference; lastKnownFileType = text.plist.xml; path = Info.plist; sourceTree = "<group>"; };
		840FD4481CD5162000C50D3E /* PrefixHeader.pch */ = {isa = PBXFileReference; fileEncoding = 4; lastKnownFileType = sourcecode.c.h; path = PrefixHeader.pch; sourceTree = "<group>"; };
		840FD4491CD518BD00C50D3E /* BaseInfo.h */ = {isa = PBXFileReference; fileEncoding = 4; lastKnownFileType = sourcecode.c.h; path = BaseInfo.h; sourceTree = "<group>"; };
		840FD44A1CD518BD00C50D3E /* BaseInfo.m */ = {isa = PBXFileReference; fileEncoding = 4; lastKnownFileType = sourcecode.c.objc; path = BaseInfo.m; sourceTree = "<group>"; };
		840FD44C1CD519D300C50D3E /* Defines.h */ = {isa = PBXFileReference; lastKnownFileType = sourcecode.c.h; path = Defines.h; sourceTree = "<group>"; };
		840FD44D1CD51B9900C50D3E /* BaseController.h */ = {isa = PBXFileReference; fileEncoding = 4; lastKnownFileType = sourcecode.c.h; path = BaseController.h; sourceTree = "<group>"; };
		840FD44E1CD51B9900C50D3E /* BaseController.m */ = {isa = PBXFileReference; fileEncoding = 4; lastKnownFileType = sourcecode.c.objc; path = BaseController.m; sourceTree = "<group>"; };
		840FD4501CD51BB200C50D3E /* BasePage.h */ = {isa = PBXFileReference; fileEncoding = 4; lastKnownFileType = sourcecode.c.h; path = BasePage.h; sourceTree = "<group>"; };
		840FD4511CD51BB200C50D3E /* BasePage.m */ = {isa = PBXFileReference; fileEncoding = 4; lastKnownFileType = sourcecode.c.objc; path = BasePage.m; sourceTree = "<group>"; };
		840FD4531CD51BC800C50D3E /* BaseWidget.h */ = {isa = PBXFileReference; fileEncoding = 4; lastKnownFileType = sourcecode.c.h; path = BaseWidget.h; sourceTree = "<group>"; };
		840FD4541CD51BC800C50D3E /* BaseWidget.m */ = {isa = PBXFileReference; fileEncoding = 4; lastKnownFileType = sourcecode.c.objc; path = BaseWidget.m; sourceTree = "<group>"; };
		840FD4561CD51BE400C50D3E /* BaseCell.h */ = {isa = PBXFileReference; fileEncoding = 4; lastKnownFileType = sourcecode.c.h; path = BaseCell.h; sourceTree = "<group>"; };
		840FD4571CD51BE400C50D3E /* BaseCell.m */ = {isa = PBXFileReference; fileEncoding = 4; lastKnownFileType = sourcecode.c.objc; path = BaseCell.m; sourceTree = "<group>"; };
		840FD4591CD51C1200C50D3E /* BaseOperation.h */ = {isa = PBXFileReference; fileEncoding = 4; lastKnownFileType = sourcecode.c.h; path = BaseOperation.h; sourceTree = "<group>"; };
		840FD45A1CD51C1200C50D3E /* BaseOperation.m */ = {isa = PBXFileReference; fileEncoding = 4; lastKnownFileType = sourcecode.c.objc; path = BaseOperation.m; sourceTree = "<group>"; };
		840FD45C1CD51C8E00C50D3E /* AdvertPage.h */ = {isa = PBXFileReference; fileEncoding = 4; lastKnownFileType = sourcecode.c.h; path = AdvertPage.h; sourceTree = "<group>"; };
		840FD45D1CD51C8E00C50D3E /* AdvertPage.m */ = {isa = PBXFileReference; fileEncoding = 4; lastKnownFileType = sourcecode.c.objc; path = AdvertPage.m; sourceTree = "<group>"; };
		840FD45F1CD51CB100C50D3E /* AdvertPage.xib */ = {isa = PBXFileReference; fileEncoding = 4; lastKnownFileType = file.xib; path = AdvertPage.xib; sourceTree = "<group>"; };
		840FD4611CD51DBB00C50D3E /* FxActivity.h */ = {isa = PBXFileReference; fileEncoding = 4; lastKnownFileType = sourcecode.c.h; path = FxActivity.h; sourceTree = "<group>"; };
		840FD4621CD51DBB00C50D3E /* FxActivity.m */ = {isa = PBXFileReference; fileEncoding = 4; lastKnownFileType = sourcecode.c.objc; path = FxActivity.m; sourceTree = "<group>"; };
		840FD4631CD51DBB00C50D3E /* FxActivityIndicator.h */ = {isa = PBXFileReference; fileEncoding = 4; lastKnownFileType = sourcecode.c.h; path = FxActivityIndicator.h; sourceTree = "<group>"; };
		840FD4641CD51DBB00C50D3E /* FxActivityIndicator.m */ = {isa = PBXFileReference; fileEncoding = 4; lastKnownFileType = sourcecode.c.objc; path = FxActivityIndicator.m; sourceTree = "<group>"; };
		840FD4651CD51DBB00C50D3E /* FxAppSetting.h */ = {isa = PBXFileReference; fileEncoding = 4; lastKnownFileType = sourcecode.c.h; path = FxAppSetting.h; sourceTree = "<group>"; };
		840FD4661CD51DBB00C50D3E /* FxAppSetting.m */ = {isa = PBXFileReference; fileEncoding = 4; lastKnownFileType = sourcecode.c.objc; path = FxAppSetting.m; sourceTree = "<group>"; };
		840FD4671CD51DBB00C50D3E /* FxButtonHelper.h */ = {isa = PBXFileReference; fileEncoding = 4; lastKnownFileType = sourcecode.c.h; path = FxButtonHelper.h; sourceTree = "<group>"; };
		840FD4681CD51DBB00C50D3E /* FxButtonHelper.m */ = {isa = PBXFileReference; fileEncoding = 4; lastKnownFileType = sourcecode.c.objc; path = FxButtonHelper.m; sourceTree = "<group>"; };
		840FD4691CD51DBB00C50D3E /* FxDate.h */ = {isa = PBXFileReference; fileEncoding = 4; lastKnownFileType = sourcecode.c.h; path = FxDate.h; sourceTree = "<group>"; };
		840FD46A1CD51DBB00C50D3E /* FxDate.m */ = {isa = PBXFileReference; fileEncoding = 4; lastKnownFileType = sourcecode.c.objc; path = FxDate.m; sourceTree = "<group>"; };
		840FD46B1CD51DBB00C50D3E /* FxFileUtility.h */ = {isa = PBXFileReference; fileEncoding = 4; lastKnownFileType = sourcecode.c.h; path = FxFileUtility.h; sourceTree = "<group>"; };
		840FD46C1CD51DBB00C50D3E /* FxFileUtility.m */ = {isa = PBXFileReference; fileEncoding = 4; lastKnownFileType = sourcecode.c.objc; path = FxFileUtility.m; sourceTree = "<group>"; };
		840FD46D1CD51DBB00C50D3E /* FxString.h */ = {isa = PBXFileReference; fileEncoding = 4; lastKnownFileType = sourcecode.c.h; path = FxString.h; sourceTree = "<group>"; };
		840FD46E1CD51DBB00C50D3E /* FxString.m */ = {isa = PBXFileReference; fileEncoding = 4; lastKnownFileType = sourcecode.c.objc; path = FxString.m; sourceTree = "<group>"; };
		840FD4771CD51E0200C50D3E /* FxJSON.h */ = {isa = PBXFileReference; fileEncoding = 4; lastKnownFileType = sourcecode.c.h; path = FxJSON.h; sourceTree = "<group>"; };
		840FD4781CD51E0200C50D3E /* FxJSON.m */ = {isa = PBXFileReference; fileEncoding = 4; lastKnownFileType = sourcecode.c.objc; path = FxJSON.m; sourceTree = "<group>"; };
		840FD4791CD51E0200C50D3E /* FxJsonBase.h */ = {isa = PBXFileReference; fileEncoding = 4; lastKnownFileType = sourcecode.c.h; path = FxJsonBase.h; sourceTree = "<group>"; };
		840FD47A1CD51E0200C50D3E /* FxJsonBase.m */ = {isa = PBXFileReference; fileEncoding = 4; lastKnownFileType = sourcecode.c.objc; path = FxJsonBase.m; sourceTree = "<group>"; };
		840FD47B1CD51E0200C50D3E /* FxJsonParser.h */ = {isa = PBXFileReference; fileEncoding = 4; lastKnownFileType = sourcecode.c.h; path = FxJsonParser.h; sourceTree = "<group>"; };
		840FD47C1CD51E0200C50D3E /* FxJsonParser.m */ = {isa = PBXFileReference; fileEncoding = 4; lastKnownFileType = sourcecode.c.objc; path = FxJsonParser.m; sourceTree = "<group>"; };
		840FD47D1CD51E0200C50D3E /* FxJsonUtility.h */ = {isa = PBXFileReference; fileEncoding = 4; lastKnownFileType = sourcecode.c.h; path = FxJsonUtility.h; sourceTree = "<group>"; };
		840FD47E1CD51E0200C50D3E /* FxJsonUtility.m */ = {isa = PBXFileReference; fileEncoding = 4; lastKnownFileType = sourcecode.c.objc; path = FxJsonUtility.m; sourceTree = "<group>"; };
		840FD47F1CD51E0200C50D3E /* FxJsonWriter.h */ = {isa = PBXFileReference; fileEncoding = 4; lastKnownFileType = sourcecode.c.h; path = FxJsonWriter.h; sourceTree = "<group>"; };
		840FD4801CD51E0200C50D3E /* FxJsonWriter.m */ = {isa = PBXFileReference; fileEncoding = 4; lastKnownFileType = sourcecode.c.objc; path = FxJsonWriter.m; sourceTree = "<group>"; };
		840FD4881CD53C8700C50D3E /* CoreLocation.framework */ = {isa = PBXFileReference; lastKnownFileType = wrapper.framework; name = CoreLocation.framework; path = System/Library/Frameworks/CoreLocation.framework; sourceTree = SDKROOT; };
		840FD48A1CD53CE000C50D3E /* CoreMotion.framework */ = {isa = PBXFileReference; lastKnownFileType = wrapper.framework; name = CoreMotion.framework; path = System/Library/Frameworks/CoreMotion.framework; sourceTree = SDKROOT; };
		840FD48C1CD549FC00C50D3E /* URLDefine.h */ = {isa = PBXFileReference; lastKnownFileType = sourcecode.c.h; path = URLDefine.h; sourceTree = "<group>"; };
		840FD48D1CD54B6A00C50D3E /* Global.h */ = {isa = PBXFileReference; fileEncoding = 4; lastKnownFileType = sourcecode.c.h; path = Global.h; sourceTree = "<group>"; };
		840FD48E1CD54B6A00C50D3E /* Global.m */ = {isa = PBXFileReference; fileEncoding = 4; lastKnownFileType = sourcecode.c.objc; path = Global.m; sourceTree = "<group>"; };
		840FD4901CD54C1D00C50D3E /* GetImage.h */ = {isa = PBXFileReference; fileEncoding = 4; lastKnownFileType = sourcecode.c.h; path = GetImage.h; sourceTree = "<group>"; };
		840FD4911CD54C1D00C50D3E /* GetImage.m */ = {isa = PBXFileReference; fileEncoding = 4; lastKnownFileType = sourcecode.c.objc; path = GetImage.m; sourceTree = "<group>"; };
		840FD4931CD54E8E00C50D3E /* BaseNavPage.h */ = {isa = PBXFileReference; fileEncoding = 4; lastKnownFileType = sourcecode.c.h; path = BaseNavPage.h; sourceTree = "<group>"; };
		840FD4941CD54E8E00C50D3E /* BaseNavPage.m */ = {isa = PBXFileReference; fileEncoding = 4; lastKnownFileType = sourcecode.c.objc; path = BaseNavPage.m; sourceTree = "<group>"; };
		840FD4961CD54EA700C50D3E /* CameraPage.h */ = {isa = PBXFileReference; fileEncoding = 4; lastKnownFileType = sourcecode.c.h; path = CameraPage.h; sourceTree = "<group>"; };
		840FD4971CD54EA700C50D3E /* CameraPage.m */ = {isa = PBXFileReference; fileEncoding = 4; lastKnownFileType = sourcecode.c.objc; path = CameraPage.m; sourceTree = "<group>"; };
		840FD4991CD54F0B00C50D3E /* CameraPage.xib */ = {isa = PBXFileReference; fileEncoding = 4; lastKnownFileType = file.xib; path = CameraPage.xib; sourceTree = "<group>"; };
		840FD49E1CD5558100C50D3E /* CameraBackgroundWidget.h */ = {isa = PBXFileReference; fileEncoding = 4; lastKnownFileType = sourcecode.c.h; path = CameraBackgroundWidget.h; sourceTree = "<group>"; };
		840FD49F1CD5558100C50D3E /* CameraBackgroundWidget.m */ = {isa = PBXFileReference; fileEncoding = 4; lastKnownFileType = sourcecode.c.objc; path = CameraBackgroundWidget.m; sourceTree = "<group>"; };
		844AECFD1CF09FD200983607 /* building@2x.png */ = {isa = PBXFileReference; lastKnownFileType = image.png; path = "building@2x.png"; sourceTree = "<group>"; };
		844AED0A1CF0A3CC00983607 /* FxDB.framework */ = {isa = PBXFileReference; lastKnownFileType = wrapper.framework; path = FxDB.framework; sourceTree = "<group>"; };
		844AED0C1CF0A53300983607 /* DBManager.h */ = {isa = PBXFileReference; fileEncoding = 4; lastKnownFileType = sourcecode.c.h; path = DBManager.h; sourceTree = "<group>"; };
		844AED0D1CF0A53300983607 /* DBManager.m */ = {isa = PBXFileReference; fileEncoding = 4; lastKnownFileType = sourcecode.c.objc; path = DBManager.m; sourceTree = "<group>"; };
		844AED0E1CF0A53300983607 /* DBManager+Private.h */ = {isa = PBXFileReference; fileEncoding = 4; lastKnownFileType = sourcecode.c.h; path = "DBManager+Private.h"; sourceTree = "<group>"; };
		844AED0F1CF0A53300983607 /* DBManager+Private.m */ = {isa = PBXFileReference; fileEncoding = 4; lastKnownFileType = sourcecode.c.objc; path = "DBManager+Private.m"; sourceTree = "<group>"; };
		844AED121CF0A67F00983607 /* libsqlite3.tbd */ = {isa = PBXFileReference; lastKnownFileType = "sourcecode.text-based-dylib-definition"; name = libsqlite3.tbd; path = usr/lib/libsqlite3.tbd; sourceTree = SDKROOT; };
		844AED141CF0AB6300983607 /* RecordInfo.h */ = {isa = PBXFileReference; fileEncoding = 4; lastKnownFileType = sourcecode.c.h; path = RecordInfo.h; sourceTree = "<group>"; };
		844AED151CF0AB6300983607 /* RecordInfo.m */ = {isa = PBXFileReference; fileEncoding = 4; lastKnownFileType = sourcecode.c.objc; path = RecordInfo.m; sourceTree = "<group>"; };
		844AED171CF0AB7A00983607 /* AdvertInfo.h */ = {isa = PBXFileReference; fileEncoding = 4; lastKnownFileType = sourcecode.c.h; path = AdvertInfo.h; sourceTree = "<group>"; };
		844AED181CF0AB7A00983607 /* AdvertInfo.m */ = {isa = PBXFileReference; fileEncoding = 4; lastKnownFileType = sourcecode.c.objc; path = AdvertInfo.m; sourceTree = "<group>"; };
		844AED1A1CF19B0D00983607 /* SearchCell.h */ = {isa = PBXFileReference; fileEncoding = 4; lastKnownFileType = sourcecode.c.h; path = SearchCell.h; sourceTree = "<group>"; };
		844AED1B1CF19B0D00983607 /* SearchCell.m */ = {isa = PBXFileReference; fileEncoding = 4; lastKnownFileType = sourcecode.c.objc; path = SearchCell.m; sourceTree = "<group>"; };
		844AED1D1CF19B3700983607 /* SearchCell.xib */ = {isa = PBXFileReference; fileEncoding = 4; lastKnownFileType = file.xib; path = SearchCell.xib; sourceTree = "<group>"; };
		8469929E1CDA244700CB8171 /* MyPage.h */ = {isa = PBXFileReference; fileEncoding = 4; lastKnownFileType = sourcecode.c.h; path = MyPage.h; sourceTree = "<group>"; };
		8469929F1CDA244700CB8171 /* MyPage.m */ = {isa = PBXFileReference; fileEncoding = 4; lastKnownFileType = sourcecode.c.objc; path = MyPage.m; sourceTree = "<group>"; };
		846992A11CDA245700CB8171 /* LoginPage.h */ = {isa = PBXFileReference; fileEncoding = 4; lastKnownFileType = sourcecode.c.h; path = LoginPage.h; sourceTree = "<group>"; };
		846992A21CDA245700CB8171 /* LoginPage.m */ = {isa = PBXFileReference; fileEncoding = 4; lastKnownFileType = sourcecode.c.objc; path = LoginPage.m; sourceTree = "<group>"; };
		846992A41CDA247800CB8171 /* MyPage.xib */ = {isa = PBXFileReference; fileEncoding = 4; lastKnownFileType = file.xib; path = MyPage.xib; sourceTree = "<group>"; };
		846992A81CDA249600CB8171 /* LoginPage.xib */ = {isa = PBXFileReference; fileEncoding = 4; lastKnownFileType = file.xib; path = LoginPage.xib; sourceTree = "<group>"; };
		846992AC1CDA27F800CB8171 /* Login.h */ = {isa = PBXFileReference; fileEncoding = 4; lastKnownFileType = sourcecode.c.h; path = Login.h; sourceTree = "<group>"; };
		846992AD1CDA27F800CB8171 /* Login.m */ = {isa = PBXFileReference; fileEncoding = 4; lastKnownFileType = sourcecode.c.objc; path = Login.m; sourceTree = "<group>"; };
		846992AF1CDA283300CB8171 /* UserInfo.h */ = {isa = PBXFileReference; fileEncoding = 4; lastKnownFileType = sourcecode.c.h; path = UserInfo.h; sourceTree = "<group>"; };
		846992B01CDA283300CB8171 /* UserInfo.m */ = {isa = PBXFileReference; fileEncoding = 4; lastKnownFileType = sourcecode.c.objc; path = UserInfo.m; sourceTree = "<group>"; };
		846992B21CDA2C4D00CB8171 /* account_snslogin_icon_1@2x.png */ = {isa = PBXFileReference; lastKnownFileType = image.png; path = "account_snslogin_icon_1@2x.png"; sourceTree = "<group>"; };
		846992B31CDA2C4D00CB8171 /* account_snslogin_icon_3@2x.png */ = {isa = PBXFileReference; lastKnownFileType = image.png; path = "account_snslogin_icon_3@2x.png"; sourceTree = "<group>"; };
		846992B41CDA2C4D00CB8171 /* home_page_line_vertical@2x.png */ = {isa = PBXFileReference; lastKnownFileType = image.png; path = "home_page_line_vertical@2x.png"; sourceTree = "<group>"; };
		846992B51CDA2C4D00CB8171 /* login_button@2x.png */ = {isa = PBXFileReference; lastKnownFileType = image.png; path = "login_button@2x.png"; sourceTree = "<group>"; };
		846992B61CDA2C4D00CB8171 /* login_forgot_button@2x.png */ = {isa = PBXFileReference; lastKnownFileType = image.png; path = "login_forgot_button@2x.png"; sourceTree = "<group>"; };
		846992B71CDA2C4D00CB8171 /* login_password_icon@2x.png */ = {isa = PBXFileReference; lastKnownFileType = image.png; path = "login_password_icon@2x.png"; sourceTree = "<group>"; };
		846992B81CDA2C4D00CB8171 /* login_username_icon@2x.png */ = {isa = PBXFileReference; lastKnownFileType = image.png; path = "login_username_icon@2x.png"; sourceTree = "<group>"; };
		846992C01CDA2E9300CB8171 /* Icon-60@2x.png */ = {isa = PBXFileReference; lastKnownFileType = image.png; path = "Icon-60@2x.png"; sourceTree = "<group>"; };
		846992C21CDA32C900CB8171 /* login@2x.png */ = {isa = PBXFileReference; lastKnownFileType = image.png; path = "login@2x.png"; sourceTree = "<group>"; };
		8479DD1C1CF5455C009E46A6 /* AMapSearchKit.framework */ = {isa = PBXFileReference; lastKnownFileType = wrapper.framework; path = AMapSearchKit.framework; sourceTree = "<group>"; };
		8479DD1D1CF5455C009E46A6 /* MAMapKit.framework */ = {isa = PBXFileReference; lastKnownFileType = wrapper.framework; path = MAMapKit.framework; sourceTree = "<group>"; };
		8479DD201CF545E0009E46A6 /* libc++.tbd */ = {isa = PBXFileReference; lastKnownFileType = "sourcecode.text-based-dylib-definition"; name = "libc++.tbd"; path = "usr/lib/libc++.tbd"; sourceTree = SDKROOT; };
		8479DD221CF545E8009E46A6 /* libz.tbd */ = {isa = PBXFileReference; lastKnownFileType = "sourcecode.text-based-dylib-definition"; name = libz.tbd; path = usr/lib/libz.tbd; sourceTree = SDKROOT; };
		8479DD241CF545F2009E46A6 /* libstdc++.6.0.9.tbd */ = {isa = PBXFileReference; lastKnownFileType = "sourcecode.text-based-dylib-definition"; name = "libstdc++.6.0.9.tbd"; path = "usr/lib/libstdc++.6.0.9.tbd"; sourceTree = SDKROOT; };
		8479DD261CF545FA009E46A6 /* AudioToolbox.framework */ = {isa = PBXFileReference; lastKnownFileType = wrapper.framework; name = AudioToolbox.framework; path = System/Library/Frameworks/AudioToolbox.framework; sourceTree = SDKROOT; };
		8479DD281CF54601009E46A6 /* AVFoundation.framework */ = {isa = PBXFileReference; lastKnownFileType = wrapper.framework; name = AVFoundation.framework; path = System/Library/Frameworks/AVFoundation.framework; sourceTree = SDKROOT; };
		8479DD2A1CF54609009E46A6 /* AddressBook.framework */ = {isa = PBXFileReference; lastKnownFileType = wrapper.framework; name = AddressBook.framework; path = System/Library/Frameworks/AddressBook.framework; sourceTree = SDKROOT; };
		8479DD2C1CF54615009E46A6 /* CoreTelephony.framework */ = {isa = PBXFileReference; lastKnownFileType = wrapper.framework; name = CoreTelephony.framework; path = System/Library/Frameworks/CoreTelephony.framework; sourceTree = SDKROOT; };
		8479DD2E1CF5461C009E46A6 /* Security.framework */ = {isa = PBXFileReference; lastKnownFileType = wrapper.framework; name = Security.framework; path = System/Library/Frameworks/Security.framework; sourceTree = SDKROOT; };
		8479DD301CF5462E009E46A6 /* UIKit.framework */ = {isa = PBXFileReference; lastKnownFileType = wrapper.framework; name = UIKit.framework; path = System/Library/Frameworks/UIKit.framework; sourceTree = SDKROOT; };
		8479DD321CF54634009E46A6 /* Foundation.framework */ = {isa = PBXFileReference; lastKnownFileType = wrapper.framework; name = Foundation.framework; path = System/Library/Frameworks/Foundation.framework; sourceTree = SDKROOT; };
		8479DD341CF5478C009E46A6 /* Reachability.h */ = {isa = PBXFileReference; fileEncoding = 4; lastKnownFileType = sourcecode.c.h; path = Reachability.h; sourceTree = "<group>"; };
		8479DD351CF5478C009E46A6 /* Reachability.m */ = {isa = PBXFileReference; fileEncoding = 4; lastKnownFileType = sourcecode.c.objc; path = Reachability.m; sourceTree = "<group>"; };
		84C7F3341CF29C5C008B18ED /* history@2x.png */ = {isa = PBXFileReference; lastKnownFileType = image.png; path = "history@2x.png"; sourceTree = "<group>"; };
		84C7F3361CF2EC46008B18ED /* arrow@2x.png */ = {isa = PBXFileReference; lastKnownFileType = image.png; path = "arrow@2x.png"; sourceTree = "<group>"; };
		84CEAF7E1CD7994E00175860 /* SearchPage.h */ = {isa = PBXFileReference; fileEncoding = 4; lastKnownFileType = sourcecode.c.h; path = SearchPage.h; sourceTree = "<group>"; };
		84CEAF7F1CD7994E00175860 /* SearchPage.m */ = {isa = PBXFileReference; fileEncoding = 4; lastKnownFileType = sourcecode.c.objc; path = SearchPage.m; sourceTree = "<group>"; };
		84CEAF811CD79A2000175860 /* SearchTableWidget.h */ = {isa = PBXFileReference; fileEncoding = 4; lastKnownFileType = sourcecode.c.h; path = SearchTableWidget.h; sourceTree = "<group>"; };
		84CEAF821CD79A2000175860 /* SearchTableWidget.m */ = {isa = PBXFileReference; fileEncoding = 4; lastKnownFileType = sourcecode.c.objc; path = SearchTableWidget.m; sourceTree = "<group>"; };
		84CEAF841CD79A3500175860 /* SearchPage.xib */ = {isa = PBXFileReference; fileEncoding = 4; lastKnownFileType = file.xib; path = SearchPage.xib; sourceTree = "<group>"; };
		84CEAF861CD79A6300175860 /* SearchTableWidget.xib */ = {isa = PBXFileReference; fileEncoding = 4; lastKnownFileType = file.xib; path = SearchTableWidget.xib; sourceTree = "<group>"; };
		84CEAF881CD79A7C00175860 /* SearchWidget.xib */ = {isa = PBXFileReference; fileEncoding = 4; lastKnownFileType = file.xib; path = SearchWidget.xib; sourceTree = "<group>"; };
		84CEAF8E1CD82C8600175860 /* ViewOnCamera.h */ = {isa = PBXFileReference; fileEncoding = 4; lastKnownFileType = sourcecode.c.h; path = ViewOnCamera.h; sourceTree = "<group>"; };
		84CEAF8F1CD82C8600175860 /* ViewOnCamera.m */ = {isa = PBXFileReference; fileEncoding = 4; lastKnownFileType = sourcecode.c.objc; path = ViewOnCamera.m; sourceTree = "<group>"; };
		84CEAF911CD834C100175860 /* UIView+Frame.h */ = {isa = PBXFileReference; fileEncoding = 4; lastKnownFileType = sourcecode.c.h; path = "UIView+Frame.h"; sourceTree = "<group>"; };
		84CEAF921CD834C100175860 /* UIView+Frame.m */ = {isa = PBXFileReference; fileEncoding = 4; lastKnownFileType = sourcecode.c.objc; path = "UIView+Frame.m"; sourceTree = "<group>"; };
		84CEAF941CD839EC00175860 /* Caculator.h */ = {isa = PBXFileReference; fileEncoding = 4; lastKnownFileType = sourcecode.c.h; path = Caculator.h; sourceTree = "<group>"; };
		84CEAF951CD839EC00175860 /* Caculator.m */ = {isa = PBXFileReference; fileEncoding = 4; lastKnownFileType = sourcecode.c.objc; path = Caculator.m; sourceTree = "<group>"; };
		84CEAF971CD8A66600175860 /* MoveWidget.h */ = {isa = PBXFileReference; fileEncoding = 4; lastKnownFileType = sourcecode.c.h; path = MoveWidget.h; sourceTree = "<group>"; };
		84CEAF981CD8A66600175860 /* MoveWidget.m */ = {isa = PBXFileReference; fileEncoding = 4; lastKnownFileType = sourcecode.c.objc; path = MoveWidget.m; sourceTree = "<group>"; };
		84CEAF9A1CD8A84600175860 /* arrow_down@2x.png */ = {isa = PBXFileReference; lastKnownFileType = image.png; path = "arrow_down@2x.png"; sourceTree = "<group>"; };
		84CEAF9B1CD8A84600175860 /* arrow_up@2x.png */ = {isa = PBXFileReference; lastKnownFileType = image.png; path = "arrow_up@2x.png"; sourceTree = "<group>"; };
		84CEAF9E1CD8A9DD00175860 /* MoveWidget.xib */ = {isa = PBXFileReference; fileEncoding = 4; lastKnownFileType = file.xib; path = MoveWidget.xib; sourceTree = "<group>"; };
		84E44B341CD614ED00BC6DE4 /* MapPage.h */ = {isa = PBXFileReference; fileEncoding = 4; lastKnownFileType = sourcecode.c.h; path = MapPage.h; sourceTree = "<group>"; };
		84E44B351CD614ED00BC6DE4 /* MapPage.m */ = {isa = PBXFileReference; fileEncoding = 4; lastKnownFileType = sourcecode.c.objc; path = MapPage.m; sourceTree = "<group>"; };
		84E44B371CD6587D00BC6DE4 /* MapWidget.h */ = {isa = PBXFileReference; fileEncoding = 4; lastKnownFileType = sourcecode.c.h; path = MapWidget.h; sourceTree = "<group>"; };
		84E44B381CD6587D00BC6DE4 /* MapWidget.m */ = {isa = PBXFileReference; fileEncoding = 4; lastKnownFileType = sourcecode.c.objc; path = MapWidget.m; sourceTree = "<group>"; };
		84E44B3A1CD658A200BC6DE4 /* SearchWidget.h */ = {isa = PBXFileReference; fileEncoding = 4; lastKnownFileType = sourcecode.c.h; path = SearchWidget.h; sourceTree = "<group>"; };
		84E44B3B1CD658A200BC6DE4 /* SearchWidget.m */ = {isa = PBXFileReference; fileEncoding = 4; lastKnownFileType = sourcecode.c.objc; path = SearchWidget.m; sourceTree = "<group>"; };
		84E44B3D1CD65DE300BC6DE4 /* WeatherWidget.h */ = {isa = PBXFileReference; fileEncoding = 4; lastKnownFileType = sourcecode.c.h; path = WeatherWidget.h; sourceTree = "<group>"; };
		84E44B3E1CD65DE300BC6DE4 /* WeatherWidget.m */ = {isa = PBXFileReference; fileEncoding = 4; lastKnownFileType = sourcecode.c.objc; path = WeatherWidget.m; sourceTree = "<group>"; };
		84E44B401CD6623700BC6DE4 /* MapPage.xib */ = {isa = PBXFileReference; fileEncoding = 4; lastKnownFileType = file.xib; path = MapPage.xib; sourceTree = "<group>"; };
		84E44B421CD676B900BC6DE4 /* MapWidget.xib */ = {isa = PBXFileReference; fileEncoding = 4; lastKnownFileType = file.xib; path = MapWidget.xib; sourceTree = "<group>"; };
		84E44B451CD678EF00BC6DE4 /* location_no@2x.png */ = {isa = PBXFileReference; lastKnownFileType = image.png; path = "location_no@2x.png"; sourceTree = "<group>"; };
		84E44B461CD678EF00BC6DE4 /* location_yes@2x.png */ = {isa = PBXFileReference; lastKnownFileType = image.png; path = "location_yes@2x.png"; sourceTree = "<group>"; };
		84E44B471CD678EF00BC6DE4 /* path@2x.png */ = {isa = PBXFileReference; lastKnownFileType = image.png; path = "path@2x.png"; sourceTree = "<group>"; };
		84E44B481CD678EF00BC6DE4 /* restaurant.png */ = {isa = PBXFileReference; lastKnownFileType = image.png; path = restaurant.png; sourceTree = "<group>"; };
		84E44B491CD678EF00BC6DE4 /* search@2x.png */ = {isa = PBXFileReference; lastKnownFileType = image.png; path = "search@2x.png"; sourceTree = "<group>"; };
		84E44B4F1CD6844D00BC6DE4 /* TableWidget.h */ = {isa = PBXFileReference; fileEncoding = 4; lastKnownFileType = sourcecode.c.h; path = TableWidget.h; sourceTree = "<group>"; };
		84E44B501CD6844D00BC6DE4 /* TableWidget.m */ = {isa = PBXFileReference; fileEncoding = 4; lastKnownFileType = sourcecode.c.objc; path = TableWidget.m; sourceTree = "<group>"; };
		84E44B521CD6850400BC6DE4 /* PositionCell.h */ = {isa = PBXFileReference; fileEncoding = 4; lastKnownFileType = sourcecode.c.h; path = PositionCell.h; sourceTree = "<group>"; };
		84E44B531CD6850400BC6DE4 /* PositionCell.m */ = {isa = PBXFileReference; fileEncoding = 4; lastKnownFileType = sourcecode.c.objc; path = PositionCell.m; sourceTree = "<group>"; };
		84E44B551CD6853400BC6DE4 /* PositionTableWidget.h */ = {isa = PBXFileReference; fileEncoding = 4; lastKnownFileType = sourcecode.c.h; path = PositionTableWidget.h; sourceTree = "<group>"; };
		84E44B561CD6853400BC6DE4 /* PositionTableWidget.m */ = {isa = PBXFileReference; fileEncoding = 4; lastKnownFileType = sourcecode.c.objc; path = PositionTableWidget.m; sourceTree = "<group>"; };
		84E44B581CD6867A00BC6DE4 /* PositionTableWidget.xib */ = {isa = PBXFileReference; fileEncoding = 4; lastKnownFileType = file.xib; path = PositionTableWidget.xib; sourceTree = "<group>"; };
		84E44B5A1CD6869100BC6DE4 /* PositionCell.xib */ = {isa = PBXFileReference; fileEncoding = 4; lastKnownFileType = file.xib; path = PositionCell.xib; sourceTree = "<group>"; };
		84E44B5C1CD6BE6400BC6DE4 /* CalloutWidget.h */ = {isa = PBXFileReference; fileEncoding = 4; lastKnownFileType = sourcecode.c.h; path = CalloutWidget.h; sourceTree = "<group>"; };
		84E44B5D1CD6BE6400BC6DE4 /* CalloutWidget.m */ = {isa = PBXFileReference; fileEncoding = 4; lastKnownFileType = sourcecode.c.objc; path = CalloutWidget.m; sourceTree = "<group>"; };
		84E44B5F1CD6C26900BC6DE4 /* CustomAnnotationWidget.h */ = {isa = PBXFileReference; fileEncoding = 4; lastKnownFileType = sourcecode.c.h; path = CustomAnnotationWidget.h; sourceTree = "<group>"; };
		84E44B601CD6C26900BC6DE4 /* CustomAnnotationWidget.m */ = {isa = PBXFileReference; fileEncoding = 4; lastKnownFileType = sourcecode.c.objc; path = CustomAnnotationWidget.m; sourceTree = "<group>"; };
		84E44B621CD6C97600BC6DE4 /* pin@2x.png */ = {isa = PBXFileReference; lastKnownFileType = image.png; path = "pin@2x.png"; sourceTree = "<group>"; };
		84E44B641CD6CA3100BC6DE4 /* beginnav@2x.png */ = {isa = PBXFileReference; lastKnownFileType = image.png; path = "beginnav@2x.png"; sourceTree = "<group>"; };
		84E44B671CD6FFEF00BC6DE4 /* NavBarAlpha.png */ = {isa = PBXFileReference; lastKnownFileType = image.png; path = NavBarAlpha.png; sourceTree = "<group>"; };
		84E44B681CD6FFEF00BC6DE4 /* NavBarIcon@2x.png */ = {isa = PBXFileReference; lastKnownFileType = image.png; path = "NavBarIcon@2x.png"; sourceTree = "<group>"; };
		84E44B691CD6FFEF00BC6DE4 /* NavBarWhite44@2x.png */ = {isa = PBXFileReference; lastKnownFileType = image.png; path = "NavBarWhite44@2x.png"; sourceTree = "<group>"; };
		84E44B6A1CD6FFEF00BC6DE4 /* NavBarWhite64@2x.png */ = {isa = PBXFileReference; lastKnownFileType = image.png; path = "NavBarWhite64@2x.png"; sourceTree = "<group>"; };
		84E44B6B1CD6FFEF00BC6DE4 /* NavigationBack@2x.png */ = {isa = PBXFileReference; lastKnownFileType = image.png; path = "NavigationBack@2x.png"; sourceTree = "<group>"; };
		84E44B6C1CD6FFEF00BC6DE4 /* NavigationBackBlack@2x.png */ = {isa = PBXFileReference; lastKnownFileType = image.png; path = "NavigationBackBlack@2x.png"; sourceTree = "<group>"; };
		84E44B6D1CD6FFEF00BC6DE4 /* NavigationBar44@2x.png */ = {isa = PBXFileReference; lastKnownFileType = image.png; path = "NavigationBar44@2x.png"; sourceTree = "<group>"; };
		84E44B6E1CD6FFEF00BC6DE4 /* NavigationBar64@2x.png */ = {isa = PBXFileReference; lastKnownFileType = image.png; path = "NavigationBar64@2x.png"; sourceTree = "<group>"; };
		84E44B6F1CD6FFEF00BC6DE4 /* NavigationBell@2x.png */ = {isa = PBXFileReference; lastKnownFileType = image.png; path = "NavigationBell@2x.png"; sourceTree = "<group>"; };
		84E44B701CD6FFEF00BC6DE4 /* NavigationSquare@2x.png */ = {isa = PBXFileReference; lastKnownFileType = image.png; path = "NavigationSquare@2x.png"; sourceTree = "<group>"; };
/* End PBXFileReference section */

/* Begin PBXFrameworksBuildPhase section */
		840FD3FE1CD4FEE700C50D3E /* Frameworks */ = {
			isa = PBXFrameworksBuildPhase;
			buildActionMask = 2147483647;
			files = (
				8479DD331CF54634009E46A6 /* Foundation.framework in Frameworks */,
				8479DD311CF5462E009E46A6 /* UIKit.framework in Frameworks */,
				8403EB0F1CF4340F00CAF837 /* SystemConfiguration.framework in Frameworks */,
				8479DD2F1CF5461C009E46A6 /* Security.framework in Frameworks */,
				8479DD2D1CF54615009E46A6 /* CoreTelephony.framework in Frameworks */,
				8479DD2B1CF54609009E46A6 /* AddressBook.framework in Frameworks */,
				8479DD291CF54601009E46A6 /* AVFoundation.framework in Frameworks */,
				8479DD271CF545FA009E46A6 /* AudioToolbox.framework in Frameworks */,
				8479DD251CF545F2009E46A6 /* libstdc++.6.0.9.tbd in Frameworks */,
				8479DD231CF545E8009E46A6 /* libz.tbd in Frameworks */,
				8479DD211CF545E0009E46A6 /* libc++.tbd in Frameworks */,
				844AED131CF0A67F00983607 /* libsqlite3.tbd in Frameworks */,
				8479DD1F1CF5455C009E46A6 /* MAMapKit.framework in Frameworks */,
				8479DD1E1CF5455C009E46A6 /* AMapSearchKit.framework in Frameworks */,
				84CEAF8D1CD8297D00175860 /* CoreLocation.framework in Frameworks */,
				840FD48B1CD53CE000C50D3E /* CoreMotion.framework in Frameworks */,
				844AED0B1CF0A3CC00983607 /* FxDB.framework in Frameworks */,
			);
			runOnlyForDeploymentPostprocessing = 0;
		};
		840FD4171CD4FEE700C50D3E /* Frameworks */ = {
			isa = PBXFrameworksBuildPhase;
			buildActionMask = 2147483647;
			files = (
			);
			runOnlyForDeploymentPostprocessing = 0;
		};
		840FD4221CD4FEE700C50D3E /* Frameworks */ = {
			isa = PBXFrameworksBuildPhase;
			buildActionMask = 2147483647;
			files = (
			);
			runOnlyForDeploymentPostprocessing = 0;
		};
/* End PBXFrameworksBuildPhase section */

/* Begin PBXGroup section */
		840FD3F81CD4FEE700C50D3E = {
			isa = PBXGroup;
			children = (
				840FD4031CD4FEE700C50D3E /* WhereIs */,
				840FD41D1CD4FEE700C50D3E /* WhereIsTests */,
				840FD4281CD4FEE700C50D3E /* WhereIsUITests */,
				840FD4021CD4FEE700C50D3E /* Products */,
				93D9149F3F8CF1000A108C09 /* Frameworks */,
			);
			sourceTree = "<group>";
		};
		840FD4021CD4FEE700C50D3E /* Products */ = {
			isa = PBXGroup;
			children = (
				840FD4011CD4FEE700C50D3E /* WhereIs.app */,
				840FD41A1CD4FEE700C50D3E /* WhereIsTests.xctest */,
				840FD4251CD4FEE700C50D3E /* WhereIsUITests.xctest */,
			);
			name = Products;
			sourceTree = "<group>";
		};
		840FD4031CD4FEE700C50D3E /* WhereIs */ = {
			isa = PBXGroup;
			children = (
				840FD4071CD4FEE700C50D3E /* AppDelegate.h */,
				840FD4081CD4FEE700C50D3E /* AppDelegate.m */,
				840FD4391CD5145A00C50D3E /* Global */,
				840FD43A1CD5146400C50D3E /* Model */,
				840FD43C1CD5147000C50D3E /* Operation */,
				840FD43B1CD5146A00C50D3E /* View */,
				840FD43D1CD5147600C50D3E /* Utility */,
				840FD4411CD514F100C50D3E /* DB */,
				840FD43E1CD5148500C50D3E /* ThirdSDK */,
				840FD43F1CD5148D00C50D3E /* Define */,
				840FD4401CD5149200C50D3E /* Resources */,
				840FD4041CD4FEE700C50D3E /* Supporting Files */,
			);
			path = WhereIs;
			sourceTree = "<group>";
		};
		840FD4041CD4FEE700C50D3E /* Supporting Files */ = {
			isa = PBXGroup;
			children = (
				840FD4151CD4FEE700C50D3E /* Info.plist */,
				840FD4051CD4FEE700C50D3E /* main.m */,
				840FD4481CD5162000C50D3E /* PrefixHeader.pch */,
			);
			name = "Supporting Files";
			sourceTree = "<group>";
		};
		840FD41D1CD4FEE700C50D3E /* WhereIsTests */ = {
			isa = PBXGroup;
			children = (
				840FD41E1CD4FEE700C50D3E /* WhereIsTests.m */,
				840FD4201CD4FEE700C50D3E /* Info.plist */,
			);
			path = WhereIsTests;
			sourceTree = "<group>";
		};
		840FD4281CD4FEE700C50D3E /* WhereIsUITests */ = {
			isa = PBXGroup;
			children = (
				840FD4291CD4FEE700C50D3E /* WhereIsUITests.m */,
				840FD42B1CD4FEE700C50D3E /* Info.plist */,
			);
			path = WhereIsUITests;
			sourceTree = "<group>";
		};
		840FD4391CD5145A00C50D3E /* Global */ = {
			isa = PBXGroup;
			children = (
				840FD48D1CD54B6A00C50D3E /* Global.h */,
				840FD48E1CD54B6A00C50D3E /* Global.m */,
			);
			path = Global;
			sourceTree = "<group>";
		};
		840FD43A1CD5146400C50D3E /* Model */ = {
			isa = PBXGroup;
			children = (
				840FD4491CD518BD00C50D3E /* BaseInfo.h */,
				840FD44A1CD518BD00C50D3E /* BaseInfo.m */,
				846992AF1CDA283300CB8171 /* UserInfo.h */,
				846992B01CDA283300CB8171 /* UserInfo.m */,
				844AED141CF0AB6300983607 /* RecordInfo.h */,
				844AED151CF0AB6300983607 /* RecordInfo.m */,
				844AED171CF0AB7A00983607 /* AdvertInfo.h */,
				844AED181CF0AB7A00983607 /* AdvertInfo.m */,
			);
			path = Model;
			sourceTree = "<group>";
		};
		840FD43B1CD5146A00C50D3E /* View */ = {
			isa = PBXGroup;
			children = (
				840FD44D1CD51B9900C50D3E /* BaseController.h */,
				840FD44E1CD51B9900C50D3E /* BaseController.m */,
				840FD4421CD5151300C50D3E /* Page */,
				840FD4431CD5151900C50D3E /* Widget */,
				840FD4441CD5151F00C50D3E /* Cell */,
			);
			path = View;
			sourceTree = "<group>";
		};
		840FD43C1CD5147000C50D3E /* Operation */ = {
			isa = PBXGroup;
			children = (
				840FD4591CD51C1200C50D3E /* BaseOperation.h */,
				840FD45A1CD51C1200C50D3E /* BaseOperation.m */,
				840FD4901CD54C1D00C50D3E /* GetImage.h */,
				840FD4911CD54C1D00C50D3E /* GetImage.m */,
				846992AC1CDA27F800CB8171 /* Login.h */,
				846992AD1CDA27F800CB8171 /* Login.m */,
			);
			path = Operation;
			sourceTree = "<group>";
		};
		840FD43D1CD5147600C50D3E /* Utility */ = {
			isa = PBXGroup;
			children = (
				8479DD341CF5478C009E46A6 /* Reachability.h */,
				8479DD351CF5478C009E46A6 /* Reachability.m */,
				840FD4611CD51DBB00C50D3E /* FxActivity.h */,
				840FD4621CD51DBB00C50D3E /* FxActivity.m */,
				840FD4631CD51DBB00C50D3E /* FxActivityIndicator.h */,
				840FD4641CD51DBB00C50D3E /* FxActivityIndicator.m */,
				840FD4651CD51DBB00C50D3E /* FxAppSetting.h */,
				840FD4661CD51DBB00C50D3E /* FxAppSetting.m */,
				840FD4671CD51DBB00C50D3E /* FxButtonHelper.h */,
				840FD4681CD51DBB00C50D3E /* FxButtonHelper.m */,
				840FD4691CD51DBB00C50D3E /* FxDate.h */,
				840FD46A1CD51DBB00C50D3E /* FxDate.m */,
				840FD46B1CD51DBB00C50D3E /* FxFileUtility.h */,
				840FD46C1CD51DBB00C50D3E /* FxFileUtility.m */,
				840FD46D1CD51DBB00C50D3E /* FxString.h */,
				840FD46E1CD51DBB00C50D3E /* FxString.m */,
				84CEAF911CD834C100175860 /* UIView+Frame.h */,
				84CEAF921CD834C100175860 /* UIView+Frame.m */,
				84CEAF941CD839EC00175860 /* Caculator.h */,
				84CEAF951CD839EC00175860 /* Caculator.m */,
			);
			path = Utility;
			sourceTree = "<group>";
		};
		840FD43E1CD5148500C50D3E /* ThirdSDK */ = {
			isa = PBXGroup;
			children = (
				8479DD1C1CF5455C009E46A6 /* AMapSearchKit.framework */,
				8479DD1D1CF5455C009E46A6 /* MAMapKit.framework */,
				844AED0A1CF0A3CC00983607 /* FxDB.framework */,
				840FD4761CD51E0200C50D3E /* JsonFramework */,
			);
			path = ThirdSDK;
			sourceTree = "<group>";
		};
		840FD43F1CD5148D00C50D3E /* Define */ = {
			isa = PBXGroup;
			children = (
				840FD44C1CD519D300C50D3E /* Defines.h */,
				840FD48C1CD549FC00C50D3E /* URLDefine.h */,
			);
			path = Define;
			sourceTree = "<group>";
		};
		840FD4401CD5149200C50D3E /* Resources */ = {
			isa = PBXGroup;
			children = (
				840FD4471CD5156B00C50D3E /* Config */,
				840FD4461CD5154C00C50D3E /* Image */,
				840FD4451CD5154300C50D3E /* Xib */,
			);
			path = Resources;
			sourceTree = "<group>";
		};
		840FD4411CD514F100C50D3E /* DB */ = {
			isa = PBXGroup;
			children = (
				844AED0C1CF0A53300983607 /* DBManager.h */,
				844AED0D1CF0A53300983607 /* DBManager.m */,
				844AED0E1CF0A53300983607 /* DBManager+Private.h */,
				844AED0F1CF0A53300983607 /* DBManager+Private.m */,
			);
			path = DB;
			sourceTree = "<group>";
		};
		840FD4421CD5151300C50D3E /* Page */ = {
			isa = PBXGroup;
			children = (
				840FD4501CD51BB200C50D3E /* BasePage.h */,
				840FD4511CD51BB200C50D3E /* BasePage.m */,
				840FD45C1CD51C8E00C50D3E /* AdvertPage.h */,
				840FD45D1CD51C8E00C50D3E /* AdvertPage.m */,
				840FD4931CD54E8E00C50D3E /* BaseNavPage.h */,
				840FD4941CD54E8E00C50D3E /* BaseNavPage.m */,
				840FD4961CD54EA700C50D3E /* CameraPage.h */,
				840FD4971CD54EA700C50D3E /* CameraPage.m */,
				84E44B341CD614ED00BC6DE4 /* MapPage.h */,
				84E44B351CD614ED00BC6DE4 /* MapPage.m */,
				84CEAF7E1CD7994E00175860 /* SearchPage.h */,
				84CEAF7F1CD7994E00175860 /* SearchPage.m */,
				8469929E1CDA244700CB8171 /* MyPage.h */,
				8469929F1CDA244700CB8171 /* MyPage.m */,
				846992A11CDA245700CB8171 /* LoginPage.h */,
				846992A21CDA245700CB8171 /* LoginPage.m */,
			);
			path = Page;
			sourceTree = "<group>";
		};
		840FD4431CD5151900C50D3E /* Widget */ = {
			isa = PBXGroup;
			children = (
				840FD4531CD51BC800C50D3E /* BaseWidget.h */,
				840FD4541CD51BC800C50D3E /* BaseWidget.m */,
				840FD49E1CD5558100C50D3E /* CameraBackgroundWidget.h */,
				840FD49F1CD5558100C50D3E /* CameraBackgroundWidget.m */,
				84E44B371CD6587D00BC6DE4 /* MapWidget.h */,
				84E44B381CD6587D00BC6DE4 /* MapWidget.m */,
				84E44B3A1CD658A200BC6DE4 /* SearchWidget.h */,
				84E44B3B1CD658A200BC6DE4 /* SearchWidget.m */,
				84CEAF811CD79A2000175860 /* SearchTableWidget.h */,
				84CEAF821CD79A2000175860 /* SearchTableWidget.m */,
				84E44B3D1CD65DE300BC6DE4 /* WeatherWidget.h */,
				84E44B3E1CD65DE300BC6DE4 /* WeatherWidget.m */,
				84E44B4F1CD6844D00BC6DE4 /* TableWidget.h */,
				84E44B501CD6844D00BC6DE4 /* TableWidget.m */,
				84E44B551CD6853400BC6DE4 /* PositionTableWidget.h */,
				84E44B561CD6853400BC6DE4 /* PositionTableWidget.m */,
				84E44B5C1CD6BE6400BC6DE4 /* CalloutWidget.h */,
				84E44B5D1CD6BE6400BC6DE4 /* CalloutWidget.m */,
				84E44B5F1CD6C26900BC6DE4 /* CustomAnnotationWidget.h */,
				84E44B601CD6C26900BC6DE4 /* CustomAnnotationWidget.m */,
				84CEAF8E1CD82C8600175860 /* ViewOnCamera.h */,
				84CEAF8F1CD82C8600175860 /* ViewOnCamera.m */,
				84CEAF971CD8A66600175860 /* MoveWidget.h */,
				84CEAF981CD8A66600175860 /* MoveWidget.m */,
			);
			path = Widget;
			sourceTree = "<group>";
		};
		840FD4441CD5151F00C50D3E /* Cell */ = {
			isa = PBXGroup;
			children = (
				840FD4561CD51BE400C50D3E /* BaseCell.h */,
				840FD4571CD51BE400C50D3E /* BaseCell.m */,
				84E44B521CD6850400BC6DE4 /* PositionCell.h */,
				84E44B531CD6850400BC6DE4 /* PositionCell.m */,
				844AED1A1CF19B0D00983607 /* SearchCell.h */,
				844AED1B1CF19B0D00983607 /* SearchCell.m */,
			);
			path = Cell;
			sourceTree = "<group>";
		};
		840FD4451CD5154300C50D3E /* Xib */ = {
			isa = PBXGroup;
			children = (
				840FD45F1CD51CB100C50D3E /* AdvertPage.xib */,
				840FD4991CD54F0B00C50D3E /* CameraPage.xib */,
				84E44B401CD6623700BC6DE4 /* MapPage.xib */,
				84E44B421CD676B900BC6DE4 /* MapWidget.xib */,
				84E44B581CD6867A00BC6DE4 /* PositionTableWidget.xib */,
				84E44B5A1CD6869100BC6DE4 /* PositionCell.xib */,
				84CEAF841CD79A3500175860 /* SearchPage.xib */,
				84CEAF861CD79A6300175860 /* SearchTableWidget.xib */,
				84CEAF881CD79A7C00175860 /* SearchWidget.xib */,
				84CEAF9E1CD8A9DD00175860 /* MoveWidget.xib */,
				846992A41CDA247800CB8171 /* MyPage.xib */,
				846992A81CDA249600CB8171 /* LoginPage.xib */,
				844AED1D1CF19B3700983607 /* SearchCell.xib */,
			);
			path = Xib;
			sourceTree = "<group>";
		};
		840FD4461CD5154C00C50D3E /* Image */ = {
			isa = PBXGroup;
			children = (
				846992AA1CDA272300CB8171 /* login */,
				84E44B661CD6FFCA00BC6DE4 /* NavBar */,
				84E44B441CD6789300BC6DE4 /* map */,
				840FD4101CD4FEE700C50D3E /* Assets.xcassets */,
			);
			path = Image;
			sourceTree = "<group>";
		};
		840FD4471CD5156B00C50D3E /* Config */ = {
			isa = PBXGroup;
			children = (
			);
			path = Config;
			sourceTree = "<group>";
		};
		840FD4761CD51E0200C50D3E /* JsonFramework */ = {
			isa = PBXGroup;
			children = (
				840FD4771CD51E0200C50D3E /* FxJSON.h */,
				840FD4781CD51E0200C50D3E /* FxJSON.m */,
				840FD4791CD51E0200C50D3E /* FxJsonBase.h */,
				840FD47A1CD51E0200C50D3E /* FxJsonBase.m */,
				840FD47B1CD51E0200C50D3E /* FxJsonParser.h */,
				840FD47C1CD51E0200C50D3E /* FxJsonParser.m */,
				840FD47D1CD51E0200C50D3E /* FxJsonUtility.h */,
				840FD47E1CD51E0200C50D3E /* FxJsonUtility.m */,
				840FD47F1CD51E0200C50D3E /* FxJsonWriter.h */,
				840FD4801CD51E0200C50D3E /* FxJsonWriter.m */,
			);
			path = JsonFramework;
			sourceTree = "<group>";
		};
		846992AA1CDA272300CB8171 /* login */ = {
			isa = PBXGroup;
			children = (
				846992C01CDA2E9300CB8171 /* Icon-60@2x.png */,
				846992B21CDA2C4D00CB8171 /* account_snslogin_icon_1@2x.png */,
				846992B31CDA2C4D00CB8171 /* account_snslogin_icon_3@2x.png */,
				846992B41CDA2C4D00CB8171 /* home_page_line_vertical@2x.png */,
				846992B51CDA2C4D00CB8171 /* login_button@2x.png */,
				846992B61CDA2C4D00CB8171 /* login_forgot_button@2x.png */,
				846992B71CDA2C4D00CB8171 /* login_password_icon@2x.png */,
				846992B81CDA2C4D00CB8171 /* login_username_icon@2x.png */,
			);
			path = login;
			sourceTree = "<group>";
		};
		84E44B441CD6789300BC6DE4 /* map */ = {
			isa = PBXGroup;
			children = (
				844AECFD1CF09FD200983607 /* building@2x.png */,
				846992C21CDA32C900CB8171 /* login@2x.png */,
				84C7F3341CF29C5C008B18ED /* history@2x.png */,
				84C7F3361CF2EC46008B18ED /* arrow@2x.png */,
				84CEAF9A1CD8A84600175860 /* arrow_down@2x.png */,
				84CEAF9B1CD8A84600175860 /* arrow_up@2x.png */,
				84E44B641CD6CA3100BC6DE4 /* beginnav@2x.png */,
				84E44B621CD6C97600BC6DE4 /* pin@2x.png */,
				84E44B451CD678EF00BC6DE4 /* location_no@2x.png */,
				84E44B461CD678EF00BC6DE4 /* location_yes@2x.png */,
				84E44B471CD678EF00BC6DE4 /* path@2x.png */,
				84E44B481CD678EF00BC6DE4 /* restaurant.png */,
				84E44B491CD678EF00BC6DE4 /* search@2x.png */,
			);
			path = map;
			sourceTree = "<group>";
		};
		84E44B661CD6FFCA00BC6DE4 /* NavBar */ = {
			isa = PBXGroup;
			children = (
				84E44B671CD6FFEF00BC6DE4 /* NavBarAlpha.png */,
				84E44B681CD6FFEF00BC6DE4 /* NavBarIcon@2x.png */,
				84E44B691CD6FFEF00BC6DE4 /* NavBarWhite44@2x.png */,
				84E44B6A1CD6FFEF00BC6DE4 /* NavBarWhite64@2x.png */,
				84E44B6B1CD6FFEF00BC6DE4 /* NavigationBack@2x.png */,
				84E44B6C1CD6FFEF00BC6DE4 /* NavigationBackBlack@2x.png */,
				84E44B6D1CD6FFEF00BC6DE4 /* NavigationBar44@2x.png */,
				84E44B6E1CD6FFEF00BC6DE4 /* NavigationBar64@2x.png */,
				84E44B6F1CD6FFEF00BC6DE4 /* NavigationBell@2x.png */,
				84E44B701CD6FFEF00BC6DE4 /* NavigationSquare@2x.png */,
			);
			path = NavBar;
			sourceTree = "<group>";
		};
		93D9149F3F8CF1000A108C09 /* Frameworks */ = {
			isa = PBXGroup;
			children = (
				8479DD321CF54634009E46A6 /* Foundation.framework */,
				8479DD301CF5462E009E46A6 /* UIKit.framework */,
				8479DD2E1CF5461C009E46A6 /* Security.framework */,
				8479DD2C1CF54615009E46A6 /* CoreTelephony.framework */,
				8479DD2A1CF54609009E46A6 /* AddressBook.framework */,
				8479DD281CF54601009E46A6 /* AVFoundation.framework */,
				8479DD261CF545FA009E46A6 /* AudioToolbox.framework */,
				8479DD241CF545F2009E46A6 /* libstdc++.6.0.9.tbd */,
				8479DD221CF545E8009E46A6 /* libz.tbd */,
				8479DD201CF545E0009E46A6 /* libc++.tbd */,
				8403EB0E1CF4340F00CAF837 /* SystemConfiguration.framework */,
				844AED121CF0A67F00983607 /* libsqlite3.tbd */,
				840FD48A1CD53CE000C50D3E /* CoreMotion.framework */,
				840FD4881CD53C8700C50D3E /* CoreLocation.framework */,
			);
			name = Frameworks;
			sourceTree = "<group>";
		};
/* End PBXGroup section */

/* Begin PBXNativeTarget section */
		840FD4001CD4FEE700C50D3E /* WhereIs */ = {
			isa = PBXNativeTarget;
			buildConfigurationList = 840FD42E1CD4FEE700C50D3E /* Build configuration list for PBXNativeTarget "WhereIs" */;
			buildPhases = (
				840FD3FD1CD4FEE700C50D3E /* Sources */,
				840FD3FE1CD4FEE700C50D3E /* Frameworks */,
				840FD3FF1CD4FEE700C50D3E /* Resources */,
			);
			buildRules = (
			);
			dependencies = (
			);
			name = WhereIs;
			productName = WhereIs;
			productReference = 840FD4011CD4FEE700C50D3E /* WhereIs.app */;
			productType = "com.apple.product-type.application";
		};
		840FD4191CD4FEE700C50D3E /* WhereIsTests */ = {
			isa = PBXNativeTarget;
			buildConfigurationList = 840FD4311CD4FEE700C50D3E /* Build configuration list for PBXNativeTarget "WhereIsTests" */;
			buildPhases = (
				840FD4161CD4FEE700C50D3E /* Sources */,
				840FD4171CD4FEE700C50D3E /* Frameworks */,
				840FD4181CD4FEE700C50D3E /* Resources */,
			);
			buildRules = (
			);
			dependencies = (
				840FD41C1CD4FEE700C50D3E /* PBXTargetDependency */,
			);
			name = WhereIsTests;
			productName = WhereIsTests;
			productReference = 840FD41A1CD4FEE700C50D3E /* WhereIsTests.xctest */;
			productType = "com.apple.product-type.bundle.unit-test";
		};
		840FD4241CD4FEE700C50D3E /* WhereIsUITests */ = {
			isa = PBXNativeTarget;
			buildConfigurationList = 840FD4341CD4FEE700C50D3E /* Build configuration list for PBXNativeTarget "WhereIsUITests" */;
			buildPhases = (
				840FD4211CD4FEE700C50D3E /* Sources */,
				840FD4221CD4FEE700C50D3E /* Frameworks */,
				840FD4231CD4FEE700C50D3E /* Resources */,
			);
			buildRules = (
			);
			dependencies = (
				840FD4271CD4FEE700C50D3E /* PBXTargetDependency */,
			);
			name = WhereIsUITests;
			productName = WhereIsUITests;
			productReference = 840FD4251CD4FEE700C50D3E /* WhereIsUITests.xctest */;
			productType = "com.apple.product-type.bundle.ui-testing";
		};
/* End PBXNativeTarget section */

/* Begin PBXProject section */
		840FD3F91CD4FEE700C50D3E /* Project object */ = {
			isa = PBXProject;
			attributes = {
				LastUpgradeCheck = 0730;
				ORGANIZATIONNAME = ShipuW;
				TargetAttributes = {
					840FD4001CD4FEE700C50D3E = {
						CreatedOnToolsVersion = 7.3;
					};
					840FD4191CD4FEE700C50D3E = {
						CreatedOnToolsVersion = 7.3;
						TestTargetID = 840FD4001CD4FEE700C50D3E;
					};
					840FD4241CD4FEE700C50D3E = {
						CreatedOnToolsVersion = 7.3;
						TestTargetID = 840FD4001CD4FEE700C50D3E;
					};
				};
			};
			buildConfigurationList = 840FD3FC1CD4FEE700C50D3E /* Build configuration list for PBXProject "WhereIs" */;
			compatibilityVersion = "Xcode 3.2";
			developmentRegion = English;
			hasScannedForEncodings = 0;
			knownRegions = (
				en,
				Base,
			);
			mainGroup = 840FD3F81CD4FEE700C50D3E;
			productRefGroup = 840FD4021CD4FEE700C50D3E /* Products */;
			projectDirPath = "";
			projectRoot = "";
			targets = (
				840FD4001CD4FEE700C50D3E /* WhereIs */,
				840FD4191CD4FEE700C50D3E /* WhereIsTests */,
				840FD4241CD4FEE700C50D3E /* WhereIsUITests */,
			);
		};
/* End PBXProject section */

/* Begin PBXResourcesBuildPhase section */
		840FD3FF1CD4FEE700C50D3E /* Resources */ = {
			isa = PBXResourcesBuildPhase;
			buildActionMask = 2147483647;
			files = (
				846992B91CDA2C4D00CB8171 /* account_snslogin_icon_1@2x.png in Resources */,
				84E44B781CD6FFEF00BC6DE4 /* NavigationBar64@2x.png in Resources */,
				84E44B791CD6FFEF00BC6DE4 /* NavigationBell@2x.png in Resources */,
				84CEAF871CD79A6300175860 /* SearchTableWidget.xib in Resources */,
				84E44B761CD6FFEF00BC6DE4 /* NavigationBackBlack@2x.png in Resources */,
				84E44B631CD6C97600BC6DE4 /* pin@2x.png in Resources */,
				84C7F3351CF29C5C008B18ED /* history@2x.png in Resources */,
				84E44B4D1CD678EF00BC6DE4 /* restaurant.png in Resources */,
				84E44B711CD6FFEF00BC6DE4 /* NavBarAlpha.png in Resources */,
				846992BB1CDA2C4D00CB8171 /* home_page_line_vertical@2x.png in Resources */,
				84CEAF9D1CD8A84600175860 /* arrow_up@2x.png in Resources */,
				84E44B741CD6FFEF00BC6DE4 /* NavBarWhite64@2x.png in Resources */,
				846992BC1CDA2C4D00CB8171 /* login_button@2x.png in Resources */,
				84E44B4E1CD678EF00BC6DE4 /* search@2x.png in Resources */,
				84E44B5B1CD6869100BC6DE4 /* PositionCell.xib in Resources */,
				84E44B431CD676B900BC6DE4 /* MapWidget.xib in Resources */,
				84E44B731CD6FFEF00BC6DE4 /* NavBarWhite44@2x.png in Resources */,
				84E44B721CD6FFEF00BC6DE4 /* NavBarIcon@2x.png in Resources */,
				84CEAF9F1CD8A9DD00175860 /* MoveWidget.xib in Resources */,
				84E44B4B1CD678EF00BC6DE4 /* location_yes@2x.png in Resources */,
				840FD4111CD4FEE700C50D3E /* Assets.xcassets in Resources */,
				84E44B651CD6CA3100BC6DE4 /* beginnav@2x.png in Resources */,
				844AED1E1CF19B3700983607 /* SearchCell.xib in Resources */,
				84E44B411CD6623700BC6DE4 /* MapPage.xib in Resources */,
				84E44B771CD6FFEF00BC6DE4 /* NavigationBar44@2x.png in Resources */,
				846992A91CDA249600CB8171 /* LoginPage.xib in Resources */,
				846992BE1CDA2C4D00CB8171 /* login_password_icon@2x.png in Resources */,
				846992BA1CDA2C4D00CB8171 /* account_snslogin_icon_3@2x.png in Resources */,
				84CEAF9C1CD8A84600175860 /* arrow_down@2x.png in Resources */,
				84C7F3371CF2EC46008B18ED /* arrow@2x.png in Resources */,
				846992BD1CDA2C4D00CB8171 /* login_forgot_button@2x.png in Resources */,
				846992C11CDA2E9300CB8171 /* Icon-60@2x.png in Resources */,
				84CEAF891CD79A7C00175860 /* SearchWidget.xib in Resources */,
				84CEAF851CD79A3500175860 /* SearchPage.xib in Resources */,
				846992C31CDA32C900CB8171 /* login@2x.png in Resources */,
				840FD4601CD51CB100C50D3E /* AdvertPage.xib in Resources */,
				84E44B751CD6FFEF00BC6DE4 /* NavigationBack@2x.png in Resources */,
				84E44B7A1CD6FFEF00BC6DE4 /* NavigationSquare@2x.png in Resources */,
				844AECFE1CF09FD200983607 /* building@2x.png in Resources */,
				84E44B4A1CD678EF00BC6DE4 /* location_no@2x.png in Resources */,
				84E44B591CD6867A00BC6DE4 /* PositionTableWidget.xib in Resources */,
				840FD49A1CD54F0B00C50D3E /* CameraPage.xib in Resources */,
				846992A51CDA247800CB8171 /* MyPage.xib in Resources */,
				84E44B4C1CD678EF00BC6DE4 /* path@2x.png in Resources */,
				846992BF1CDA2C4D00CB8171 /* login_username_icon@2x.png in Resources */,
			);
			runOnlyForDeploymentPostprocessing = 0;
		};
		840FD4181CD4FEE700C50D3E /* Resources */ = {
			isa = PBXResourcesBuildPhase;
			buildActionMask = 2147483647;
			files = (
			);
			runOnlyForDeploymentPostprocessing = 0;
		};
		840FD4231CD4FEE700C50D3E /* Resources */ = {
			isa = PBXResourcesBuildPhase;
			buildActionMask = 2147483647;
			files = (
			);
			runOnlyForDeploymentPostprocessing = 0;
		};
/* End PBXResourcesBuildPhase section */

/* Begin PBXSourcesBuildPhase section */
		840FD3FD1CD4FEE700C50D3E /* Sources */ = {
			isa = PBXSourcesBuildPhase;
			buildActionMask = 2147483647;
			files = (
				840FD48F1CD54B6A00C50D3E /* Global.m in Sources */,
				846992A31CDA245700CB8171 /* LoginPage.m in Sources */,
				844AED161CF0AB6300983607 /* RecordInfo.m in Sources */,
				840FD4711CD51DBB00C50D3E /* FxAppSetting.m in Sources */,
				84E44B511CD6844D00BC6DE4 /* TableWidget.m in Sources */,
				840FD4721CD51DBB00C50D3E /* FxButtonHelper.m in Sources */,
				84E44B5E1CD6BE6400BC6DE4 /* CalloutWidget.m in Sources */,
				840FD4701CD51DBB00C50D3E /* FxActivityIndicator.m in Sources */,
				84E44B3F1CD65DE300BC6DE4 /* WeatherWidget.m in Sources */,
				840FD4A01CD5558100C50D3E /* CameraBackgroundWidget.m in Sources */,
				84CEAF901CD82C8600175860 /* ViewOnCamera.m in Sources */,
				840FD4581CD51BE400C50D3E /* BaseCell.m in Sources */,
				84E44B571CD6853400BC6DE4 /* PositionTableWidget.m in Sources */,
				84CEAF991CD8A66600175860 /* MoveWidget.m in Sources */,
				840FD44B1CD518BD00C50D3E /* BaseInfo.m in Sources */,
				840FD4731CD51DBB00C50D3E /* FxDate.m in Sources */,
				8479DD361CF5478C009E46A6 /* Reachability.m in Sources */,
				840FD44F1CD51B9900C50D3E /* BaseController.m in Sources */,
				840FD45B1CD51C1200C50D3E /* BaseOperation.m in Sources */,
				846992A01CDA244700CB8171 /* MyPage.m in Sources */,
				84CEAF801CD7994E00175860 /* SearchPage.m in Sources */,
				840FD4851CD51E0200C50D3E /* FxJsonWriter.m in Sources */,
				840FD4821CD51E0200C50D3E /* FxJsonBase.m in Sources */,
				84CEAF931CD834C100175860 /* UIView+Frame.m in Sources */,
				84E44B391CD6587D00BC6DE4 /* MapWidget.m in Sources */,
				846992AE1CDA27F800CB8171 /* Login.m in Sources */,
				84CEAF961CD839EC00175860 /* Caculator.m in Sources */,
				840FD4811CD51E0200C50D3E /* FxJSON.m in Sources */,
				844AED1C1CF19B0E00983607 /* SearchCell.m in Sources */,
				844AED111CF0A53300983607 /* DBManager+Private.m in Sources */,
				840FD4521CD51BB200C50D3E /* BasePage.m in Sources */,
				84E44B3C1CD658A200BC6DE4 /* SearchWidget.m in Sources */,
				846992B11CDA283300CB8171 /* UserInfo.m in Sources */,
				844AED191CF0AB7A00983607 /* AdvertInfo.m in Sources */,
				844AED101CF0A53300983607 /* DBManager.m in Sources */,
				840FD4951CD54E8E00C50D3E /* BaseNavPage.m in Sources */,
				840FD45E1CD51C8E00C50D3E /* AdvertPage.m in Sources */,
				84E44B541CD6850400BC6DE4 /* PositionCell.m in Sources */,
				84E44B361CD614ED00BC6DE4 /* MapPage.m in Sources */,
				840FD4091CD4FEE700C50D3E /* AppDelegate.m in Sources */,
				840FD4831CD51E0200C50D3E /* FxJsonParser.m in Sources */,
				840FD4741CD51DBB00C50D3E /* FxFileUtility.m in Sources */,
				840FD4841CD51E0200C50D3E /* FxJsonUtility.m in Sources */,
				840FD4551CD51BC800C50D3E /* BaseWidget.m in Sources */,
				840FD4061CD4FEE700C50D3E /* main.m in Sources */,
				840FD46F1CD51DBB00C50D3E /* FxActivity.m in Sources */,
				840FD4981CD54EA700C50D3E /* CameraPage.m in Sources */,
				84E44B611CD6C26900BC6DE4 /* CustomAnnotationWidget.m in Sources */,
				840FD4751CD51DBB00C50D3E /* FxString.m in Sources */,
				840FD4921CD54C1D00C50D3E /* GetImage.m in Sources */,
				84CEAF831CD79A2000175860 /* SearchTableWidget.m in Sources */,
			);
			runOnlyForDeploymentPostprocessing = 0;
		};
		840FD4161CD4FEE700C50D3E /* Sources */ = {
			isa = PBXSourcesBuildPhase;
			buildActionMask = 2147483647;
			files = (
				840FD41F1CD4FEE700C50D3E /* WhereIsTests.m in Sources */,
			);
			runOnlyForDeploymentPostprocessing = 0;
		};
		840FD4211CD4FEE700C50D3E /* Sources */ = {
			isa = PBXSourcesBuildPhase;
			buildActionMask = 2147483647;
			files = (
				840FD42A1CD4FEE700C50D3E /* WhereIsUITests.m in Sources */,
			);
			runOnlyForDeploymentPostprocessing = 0;
		};
/* End PBXSourcesBuildPhase section */

/* Begin PBXTargetDependency section */
		840FD41C1CD4FEE700C50D3E /* PBXTargetDependency */ = {
			isa = PBXTargetDependency;
			target = 840FD4001CD4FEE700C50D3E /* WhereIs */;
			targetProxy = 840FD41B1CD4FEE700C50D3E /* PBXContainerItemProxy */;
		};
		840FD4271CD4FEE700C50D3E /* PBXTargetDependency */ = {
			isa = PBXTargetDependency;
			target = 840FD4001CD4FEE700C50D3E /* WhereIs */;
			targetProxy = 840FD4261CD4FEE700C50D3E /* PBXContainerItemProxy */;
		};
/* End PBXTargetDependency section */

/* Begin XCBuildConfiguration section */
		840FD42C1CD4FEE700C50D3E /* Debug */ = {
			isa = XCBuildConfiguration;
			buildSettings = {
				ALWAYS_SEARCH_USER_PATHS = NO;
				CLANG_ANALYZER_NONNULL = YES;
				CLANG_CXX_LANGUAGE_STANDARD = "gnu++0x";
				CLANG_CXX_LIBRARY = "libc++";
				CLANG_ENABLE_MODULES = YES;
				CLANG_ENABLE_OBJC_ARC = YES;
				CLANG_WARN_BOOL_CONVERSION = YES;
				CLANG_WARN_CONSTANT_CONVERSION = YES;
				CLANG_WARN_DIRECT_OBJC_ISA_USAGE = YES_ERROR;
				CLANG_WARN_EMPTY_BODY = YES;
				CLANG_WARN_ENUM_CONVERSION = YES;
				CLANG_WARN_INT_CONVERSION = YES;
				CLANG_WARN_OBJC_ROOT_CLASS = YES_ERROR;
				CLANG_WARN_UNREACHABLE_CODE = YES;
				CLANG_WARN__DUPLICATE_METHOD_MATCH = YES;
				"CODE_SIGN_IDENTITY[sdk=iphoneos*]" = "iPhone Developer";
				COPY_PHASE_STRIP = NO;
				DEBUG_INFORMATION_FORMAT = dwarf;
				ENABLE_STRICT_OBJC_MSGSEND = YES;
				ENABLE_TESTABILITY = YES;
				GCC_C_LANGUAGE_STANDARD = gnu99;
				GCC_DYNAMIC_NO_PIC = NO;
				GCC_NO_COMMON_BLOCKS = YES;
				GCC_OPTIMIZATION_LEVEL = 0;
				GCC_PREPROCESSOR_DEFINITIONS = (
					"DEBUG=1",
					"$(inherited)",
				);
				GCC_WARN_64_TO_32_BIT_CONVERSION = YES;
				GCC_WARN_ABOUT_RETURN_TYPE = YES_ERROR;
				GCC_WARN_UNDECLARED_SELECTOR = YES;
				GCC_WARN_UNINITIALIZED_AUTOS = YES_AGGRESSIVE;
				GCC_WARN_UNUSED_FUNCTION = YES;
				GCC_WARN_UNUSED_VARIABLE = YES;
				IPHONEOS_DEPLOYMENT_TARGET = 9.3;
				MTL_ENABLE_DEBUG_INFO = YES;
				ONLY_ACTIVE_ARCH = YES;
				SDKROOT = iphoneos;
			};
			name = Debug;
		};
		840FD42D1CD4FEE700C50D3E /* Release */ = {
			isa = XCBuildConfiguration;
			buildSettings = {
				ALWAYS_SEARCH_USER_PATHS = NO;
				CLANG_ANALYZER_NONNULL = YES;
				CLANG_CXX_LANGUAGE_STANDARD = "gnu++0x";
				CLANG_CXX_LIBRARY = "libc++";
				CLANG_ENABLE_MODULES = YES;
				CLANG_ENABLE_OBJC_ARC = YES;
				CLANG_WARN_BOOL_CONVERSION = YES;
				CLANG_WARN_CONSTANT_CONVERSION = YES;
				CLANG_WARN_DIRECT_OBJC_ISA_USAGE = YES_ERROR;
				CLANG_WARN_EMPTY_BODY = YES;
				CLANG_WARN_ENUM_CONVERSION = YES;
				CLANG_WARN_INT_CONVERSION = YES;
				CLANG_WARN_OBJC_ROOT_CLASS = YES_ERROR;
				CLANG_WARN_UNREACHABLE_CODE = YES;
				CLANG_WARN__DUPLICATE_METHOD_MATCH = YES;
				"CODE_SIGN_IDENTITY[sdk=iphoneos*]" = "iPhone Developer";
				COPY_PHASE_STRIP = NO;
				DEBUG_INFORMATION_FORMAT = "dwarf-with-dsym";
				ENABLE_NS_ASSERTIONS = NO;
				ENABLE_STRICT_OBJC_MSGSEND = YES;
				GCC_C_LANGUAGE_STANDARD = gnu99;
				GCC_NO_COMMON_BLOCKS = YES;
				GCC_WARN_64_TO_32_BIT_CONVERSION = YES;
				GCC_WARN_ABOUT_RETURN_TYPE = YES_ERROR;
				GCC_WARN_UNDECLARED_SELECTOR = YES;
				GCC_WARN_UNINITIALIZED_AUTOS = YES_AGGRESSIVE;
				GCC_WARN_UNUSED_FUNCTION = YES;
				GCC_WARN_UNUSED_VARIABLE = YES;
				IPHONEOS_DEPLOYMENT_TARGET = 9.3;
				MTL_ENABLE_DEBUG_INFO = NO;
				SDKROOT = iphoneos;
				VALIDATE_PRODUCT = YES;
			};
			name = Release;
		};
		840FD42F1CD4FEE700C50D3E /* Debug */ = {
			isa = XCBuildConfiguration;
			buildSettings = {
				ASSETCATALOG_COMPILER_APPICON_NAME = AppIcon;
				ASSETCATALOG_COMPILER_LAUNCHIMAGE_NAME = LaunchScreen;
				CODE_SIGN_IDENTITY = "iPhone Developer: Wei Feng Hou (Z6S43MU38S)";
				ENABLE_BITCODE = NO;
				FRAMEWORK_SEARCH_PATHS = (
					"$(inherited)",
					"$(PROJECT_DIR)/WhereIs/ThirdSDK",
				);
				GCC_OPTIMIZATION_LEVEL = 0;
				GCC_PREFIX_HEADER = WhereIs/PrefixHeader.pch;
				INFOPLIST_FILE = WhereIs/Info.plist;
				LD_RUNPATH_SEARCH_PATHS = "$(inherited) @executable_path/Frameworks";
				OTHER_LDFLAGS = "-ObjC";
				PRODUCT_BUNDLE_IDENTIFIER = com.waspmaster.WhereIs;
				PRODUCT_NAME = "$(TARGET_NAME)";
			};
			name = Debug;
		};
		840FD4301CD4FEE700C50D3E /* Release */ = {
			isa = XCBuildConfiguration;
			buildSettings = {
				ASSETCATALOG_COMPILER_APPICON_NAME = AppIcon;
				ASSETCATALOG_COMPILER_LAUNCHIMAGE_NAME = LaunchScreen;
				CODE_SIGN_IDENTITY = "iPhone Developer: Wei Feng Hou (Z6S43MU38S)";
				ENABLE_BITCODE = NO;
				FRAMEWORK_SEARCH_PATHS = (
					"$(inherited)",
					"$(PROJECT_DIR)/WhereIs/ThirdSDK",
				);
				GCC_OPTIMIZATION_LEVEL = 0;
				GCC_PREFIX_HEADER = WhereIs/PrefixHeader.pch;
				INFOPLIST_FILE = WhereIs/Info.plist;
				LD_RUNPATH_SEARCH_PATHS = "$(inherited) @executable_path/Frameworks";
				OTHER_LDFLAGS = "-ObjC";
				PRODUCT_BUNDLE_IDENTIFIER = com.waspmaster.WhereIs;
				PRODUCT_NAME = "$(TARGET_NAME)";
			};
			name = Release;
		};
		840FD4321CD4FEE700C50D3E /* Debug */ = {
			isa = XCBuildConfiguration;
			buildSettings = {
				BUNDLE_LOADER = "$(TEST_HOST)";
				INFOPLIST_FILE = WhereIsTests/Info.plist;
				LD_RUNPATH_SEARCH_PATHS = "$(inherited) @executable_path/Frameworks @loader_path/Frameworks";
				PRODUCT_BUNDLE_IDENTIFIER = com.waspmaster.WhereIsTests;
				PRODUCT_NAME = "$(TARGET_NAME)";
				TEST_HOST = "$(BUILT_PRODUCTS_DIR)/WhereIs.app/WhereIs";
			};
			name = Debug;
		};
		840FD4331CD4FEE700C50D3E /* Release */ = {
			isa = XCBuildConfiguration;
			buildSettings = {
				BUNDLE_LOADER = "$(TEST_HOST)";
				INFOPLIST_FILE = WhereIsTests/Info.plist;
				LD_RUNPATH_SEARCH_PATHS = "$(inherited) @executable_path/Frameworks @loader_path/Frameworks";
				PRODUCT_BUNDLE_IDENTIFIER = com.waspmaster.WhereIsTests;
				PRODUCT_NAME = "$(TARGET_NAME)";
				TEST_HOST = "$(BUILT_PRODUCTS_DIR)/WhereIs.app/WhereIs";
			};
			name = Release;
		};
		840FD4351CD4FEE700C50D3E /* Debug */ = {
			isa = XCBuildConfiguration;
			buildSettings = {
				INFOPLIST_FILE = WhereIsUITests/Info.plist;
				LD_RUNPATH_SEARCH_PATHS = "$(inherited) @executable_path/Frameworks @loader_path/Frameworks";
				PRODUCT_BUNDLE_IDENTIFIER = com.waspmaster.WhereIsUITests;
				PRODUCT_NAME = "$(TARGET_NAME)";
				TEST_TARGET_NAME = WhereIs;
			};
			name = Debug;
		};
		840FD4361CD4FEE700C50D3E /* Release */ = {
			isa = XCBuildConfiguration;
			buildSettings = {
				INFOPLIST_FILE = WhereIsUITests/Info.plist;
				LD_RUNPATH_SEARCH_PATHS = "$(inherited) @executable_path/Frameworks @loader_path/Frameworks";
				PRODUCT_BUNDLE_IDENTIFIER = com.waspmaster.WhereIsUITests;
				PRODUCT_NAME = "$(TARGET_NAME)";
				TEST_TARGET_NAME = WhereIs;
			};
			name = Release;
		};
/* End XCBuildConfiguration section */

/* Begin XCConfigurationList section */
		840FD3FC1CD4FEE700C50D3E /* Build configuration list for PBXProject "WhereIs" */ = {
			isa = XCConfigurationList;
			buildConfigurations = (
				840FD42C1CD4FEE700C50D3E /* Debug */,
				840FD42D1CD4FEE700C50D3E /* Release */,
			);
			defaultConfigurationIsVisible = 0;
			defaultConfigurationName = Release;
		};
		840FD42E1CD4FEE700C50D3E /* Build configuration list for PBXNativeTarget "WhereIs" */ = {
			isa = XCConfigurationList;
			buildConfigurations = (
				840FD42F1CD4FEE700C50D3E /* Debug */,
				840FD4301CD4FEE700C50D3E /* Release */,
			);
			defaultConfigurationIsVisible = 0;
			defaultConfigurationName = Release;
		};
		840FD4311CD4FEE700C50D3E /* Build configuration list for PBXNativeTarget "WhereIsTests" */ = {
			isa = XCConfigurationList;
			buildConfigurations = (
				840FD4321CD4FEE700C50D3E /* Debug */,
				840FD4331CD4FEE700C50D3E /* Release */,
			);
			defaultConfigurationIsVisible = 0;
			defaultConfigurationName = Release;
		};
		840FD4341CD4FEE700C50D3E /* Build configuration list for PBXNativeTarget "WhereIsUITests" */ = {
			isa = XCConfigurationList;
			buildConfigurations = (
				840FD4351CD4FEE700C50D3E /* Debug */,
				840FD4361CD4FEE700C50D3E /* Release */,
			);
			defaultConfigurationIsVisible = 0;
			defaultConfigurationName = Release;
		};
/* End XCConfigurationList section */
	};
	rootObject = 840FD3F91CD4FEE700C50D3E /* Project object */;
}
